PODS:
  - ComplimentaryGradientView (0.3.0)
  - IGDB-SWIFT-API (0.4.3):
    - Just (~> 0.8.0)
    - SwiftProtobuf (~> 1.21.0)
  - JTAppleCalendar (8.0.5)
  - Just (0.8.0)
  - ScreenCorners (1.0.1)
  - SnapKit (5.6.0)
  - SwiftProtobuf (1.21.0)
  - YouTubePlayer (0.7.2)

DEPENDENCIES:
  - ComplimentaryGradientView
  - IGDB-SWIFT-API (from `https://github.com/husnjak/IGDB-API-SWIFT.git`)
  - JTAppleCalendar
  - ScreenCorners
  - SnapKit
  - YouTubePlayer

SPEC REPOS:
  trunk:
    - ComplimentaryGradientView
    - JTAppleCalendar
    - Just
    - ScreenCorners
    - SnapKit
    - SwiftProtobuf
    - YouTubePlayer

EXTERNAL SOURCES:
  IGDB-SWIFT-API:
    :git: https://github.com/husnjak/IGDB-API-SWIFT.git

CHECKOUT OPTIONS:
  IGDB-SWIFT-API:
    :commit: 2dc05394e6614a4ff9c181cee261829d0be3cb1d
    :git: https://github.com/husnjak/IGDB-API-SWIFT.git

SPEC CHECKSUMS:
  ComplimentaryGradientView: d874186ea4c37bd08ebd1f2d229698416cacaa39
  IGDB-SWIFT-API: 4f260fbe5366923a81632a45ce0fbbc3b3ca7119
  JTAppleCalendar: 16c6501b22cb27520372c28b0a2e0b12c8d0cd73
  Just: aef5105fb2c7069b65aa6f21aec8f429057f9c19
  ScreenCorners: 9bfdf033122fb645d57cc8f9df7b8ea770720771
  SnapKit: e01d52ebb8ddbc333eefe2132acf85c8227d9c25
  SwiftProtobuf: afced68785854575756db965e9da52bbf3dc45e7
  YouTubePlayer: 2b5f2830d8f9b2cde942083211291e382c9e6bd5

PODFILE CHECKSUM: 159a15933e5a2a0428aca9289cd825386c5fcd00

COCOAPODS: 1.13.0
