PODS:
  - ComplimentaryGradientView (0.3.0)
  - IGDB-SWIFT-API (0.3.5):
    - Just (~> 0.8.0)
    - SwiftProtobuf (~> 1.6.0)
  - Just (0.8.0)
  - pop (1.0.10)
  - ScreenCorners (1.0.1)
  - SnapKit (5.0.1)
  - SwiftProtobuf (1.6.0)
  - YouTubePlayer (0.7.2)

DEPENDENCIES:
  - ComplimentaryGradientView
  - IGDB-SWIFT-API (from `https://github.com/husnjak/IGDB-API-SWIFT.git`)
  - pop (= 1.0.10)
  - ScreenCorners
  - SnapKit
  - YouTubePlayer

SPEC REPOS:
  trunk:
    - ComplimentaryGradientView
    - Just
    - pop
    - ScreenCorners
    - SnapKit
    - SwiftProtobuf
    - YouTubePlayer

EXTERNAL SOURCES:
  IGDB-SWIFT-API:
    :git: https://github.com/husnjak/IGDB-API-SWIFT.git

CHECKOUT OPTIONS:
  IGDB-SWIFT-API:
    :commit: f5f34c9a69a60c64f9d33a2b22b9475d75f5bb60
    :git: https://github.com/husnjak/IGDB-API-SWIFT.git

SPEC CHECKSUMS:
  ComplimentaryGradientView: d874186ea4c37bd08ebd1f2d229698416cacaa39
  IGDB-SWIFT-API: fe7509dda63a4cd6700fdba788d40af44ab299b4
  Just: aef5105fb2c7069b65aa6f21aec8f429057f9c19
  pop: 82ca6b068ce9278fd350fd9dd09482a0ce9492e6
  ScreenCorners: 9bfdf033122fb645d57cc8f9df7b8ea770720771
  SnapKit: 97b92857e3df3a0c71833cce143274bf6ef8e5eb
  SwiftProtobuf: e905ca1366405696411aaf174411c4b19c0ef73d
  YouTubePlayer: 2b5f2830d8f9b2cde942083211291e382c9e6bd5

PODFILE CHECKSUM: 8959ef54eff33d08596f8962bfcc8cd079c8b41c

COCOAPODS: 1.10.1
