// !$*UTF8*$!
{
	archiveVersion = 1;
	classes = {
	};
	objectVersion = 52;
	objects = {

/* Begin PBXBuildFile section */
		3EEE179A9117AC5A9DE522F4 /* Pods_AKTV.framework in Frameworks */ = {isa = PBXBuildFile; fileRef = 50C9F524FAB8B5EAC07691EF /* Pods_AKTV.framework */; };
		BF849344A52AA51E913C9DA1 /* Pods_AKTVTests.framework in Frameworks */ = {isa = PBXBuildFile; fileRef = 200AC8BA1859A1C40EB1583B /* Pods_AKTVTests.framework */; };
		DD000AA02454358800CB095D /* BasicTextDisplayerViewController.swift in Sources */ = {isa = PBXBuildFile; fileRef = DD000A9F2454358800CB095D /* BasicTextDisplayerViewController.swift */; };
		DD000AA32455BECE00CB095D /* UserProfileManager.swift in Sources */ = {isa = PBXBuildFile; fileRef = DD000AA22455BECE00CB095D /* UserProfileManager.swift */; };
		DD02D48126C1BD8D00A3472F /* SearchHeaderContainer.swift in Sources */ = {isa = PBXBuildFile; fileRef = DD02D48026C1BD8D00A3472F /* SearchHeaderContainer.swift */; };
		DD041DB125CB05FB003933AE /* Kingfisher in Frameworks */ = {isa = PBXBuildFile; productRef = DD041DB025CB05FB003933AE /* Kingfisher */; };
		DD19BE1726BF447B00D3D2EC /* MediaTypePickerScreen.swift in Sources */ = {isa = PBXBuildFile; fileRef = DD19BE1626BF447B00D3D2EC /* MediaTypePickerScreen.swift */; };
		DD1A56E325DC0D7800C242FB /* VideoPlayer.swift in Sources */ = {isa = PBXBuildFile; fileRef = DD1A56E225DC0D7800C242FB /* VideoPlayer.swift */; };
		DD1A7BD5245C12D1005879F8 /* TestViewController.swift in Sources */ = {isa = PBXBuildFile; fileRef = DD1A7BD4245C12D1005879F8 /* TestViewController.swift */; };
		DD25A0E225E15C3F00B39ACA /* UpcomingCell.swift in Sources */ = {isa = PBXBuildFile; fileRef = DD25A0E125E15C3F00B39ACA /* UpcomingCell.swift */; };
		DD25A10025E327D300B39ACA /* ShadowView.swift in Sources */ = {isa = PBXBuildFile; fileRef = DD25A0FF25E327D300B39ACA /* ShadowView.swift */; };
		DD25A10525E3281600B39ACA /* UIStackViewExtensions.swift in Sources */ = {isa = PBXBuildFile; fileRef = DD25A10425E3281600B39ACA /* UIStackViewExtensions.swift */; };
		DD25A10D25E3287D00B39ACA /* UpcomingCard.swift in Sources */ = {isa = PBXBuildFile; fileRef = DD25A10C25E3287D00B39ACA /* UpcomingCard.swift */; };
		DD2B10FD25D5793F000CFF84 /* EpisodeCell.swift in Sources */ = {isa = PBXBuildFile; fileRef = DD2B10FC25D5793F000CFF84 /* EpisodeCell.swift */; };
		DD2B110225D579B2000CFF84 /* MotionHeaderView.swift in Sources */ = {isa = PBXBuildFile; fileRef = DD2B110125D579B2000CFF84 /* MotionHeaderView.swift */; };
		DD2B110825D58E12000CFF84 /* SeasonHeaderView.swift in Sources */ = {isa = PBXBuildFile; fileRef = DD2B110725D58E12000CFF84 /* SeasonHeaderView.swift */; };
		DD2B110D25D58E3A000CFF84 /* SeasonDataDelegate.swift in Sources */ = {isa = PBXBuildFile; fileRef = DD2B110C25D58E3A000CFF84 /* SeasonDataDelegate.swift */; };
		DD2D804425E54D3B004DF85A /* UpcomingToDetailedAnimationController.swift in Sources */ = {isa = PBXBuildFile; fileRef = DD2D804325E54D3B004DF85A /* UpcomingToDetailedAnimationController.swift */; };
		DD2D805D25E6DCEE004DF85A /* EpisodeScreen.swift in Sources */ = {isa = PBXBuildFile; fileRef = DD2D805C25E6DCED004DF85A /* EpisodeScreen.swift */; };
		DD2F7383267F5F2A00512512 /* CalendarScreen.swift in Sources */ = {isa = PBXBuildFile; fileRef = DD2F7382267F5F2A00512512 /* CalendarScreen.swift */; };
		DD2F7385267F65F400512512 /* CalendarCell.swift in Sources */ = {isa = PBXBuildFile; fileRef = DD2F7384267F65F400512512 /* CalendarCell.swift */; };
		DD315B67245D7D570046AB38 /* DateFormatterExtensions.swift in Sources */ = {isa = PBXBuildFile; fileRef = DD315B66245D7D570046AB38 /* DateFormatterExtensions.swift */; };
		DD39526325D5DAFF00C918F3 /* DiagonalComplimentaryView.swift in Sources */ = {isa = PBXBuildFile; fileRef = DD39526225D5DAFF00C918F3 /* DiagonalComplimentaryView.swift */; };
		DD39526825D5DFB300C918F3 /* IconRowView.swift in Sources */ = {isa = PBXBuildFile; fileRef = DD39526725D5DFB300C918F3 /* IconRowView.swift */; };
		DD39527025D6C07900C918F3 /* LabledIcon.swift in Sources */ = {isa = PBXBuildFile; fileRef = DD39526F25D6C07900C918F3 /* LabledIcon.swift */; };
		DD39527E25D6D0FE00C918F3 /* GeneralExtensions.swift in Sources */ = {isa = PBXBuildFile; fileRef = DD39527D25D6D0FE00C918F3 /* GeneralExtensions.swift */; };
		DD39528325D6E3D800C918F3 /* BottomAlignedLabel.swift in Sources */ = {isa = PBXBuildFile; fileRef = DD39528225D6E3D800C918F3 /* BottomAlignedLabel.swift */; };
		DD3952AD25D6E82400C918F3 /* AnimatableNumberLabel.swift in Sources */ = {isa = PBXBuildFile; fileRef = DD3952AC25D6E82400C918F3 /* AnimatableNumberLabel.swift */; };
		DD3952B525D834DF00C918F3 /* UIViewExtensions.swift in Sources */ = {isa = PBXBuildFile; fileRef = DD3952B425D834DF00C918F3 /* UIViewExtensions.swift */; };
		DD3952BA25D869AF00C918F3 /* ShowStatusView.swift in Sources */ = {isa = PBXBuildFile; fileRef = DD3952B925D869AE00C918F3 /* ShowStatusView.swift */; };
		DD3952BF25D86F3800C918F3 /* Alpha.swift in Sources */ = {isa = PBXBuildFile; fileRef = DD3952BE25D86F3700C918F3 /* Alpha.swift */; };
		DD3952CD25DA813400C918F3 /* EpisodeDisplayer.swift in Sources */ = {isa = PBXBuildFile; fileRef = DD3952CC25DA813300C918F3 /* EpisodeDisplayer.swift */; };
		DD3ABA1726875FD600D1F57D /* ColorStore.swift in Sources */ = {isa = PBXBuildFile; fileRef = DD3ABA1626875FD600D1F57D /* ColorStore.swift */; };
		DD3ABA192688A40B00D1F57D /* DateHeader.swift in Sources */ = {isa = PBXBuildFile; fileRef = DD3ABA182688A40B00D1F57D /* DateHeader.swift */; };
		DD3F95C82738685C00E02463 /* FavouriteListView.swift in Sources */ = {isa = PBXBuildFile; fileRef = DD3F95C72738685C00E02463 /* FavouriteListView.swift */; };
		DD58E4C02435D012005492E3 /* ShowSearchScreen.swift in Sources */ = {isa = PBXBuildFile; fileRef = DD58E4BF2435D012005492E3 /* ShowSearchScreen.swift */; };
		DD5A7E9324576A5800507BFE /* UpcomingScreen.swift in Sources */ = {isa = PBXBuildFile; fileRef = DD5A7E9224576A5800507BFE /* UpcomingScreen.swift */; };
		DD5A7E9624576AFB00507BFE /* UpcomingShowsCollectionViewDataDelegate.swift in Sources */ = {isa = PBXBuildFile; fileRef = DD5A7E9524576AFB00507BFE /* UpcomingShowsCollectionViewDataDelegate.swift */; };
		DD5B14342674BE8B00E8C68D /* GameStore.swift in Sources */ = {isa = PBXBuildFile; fileRef = DD5B14332674BE8B00E8C68D /* GameStore.swift */; };
		DD5BDF70268268BA00A4C2B0 /* AuthStore.swift in Sources */ = {isa = PBXBuildFile; fileRef = DD5BDF6F268268BA00A4C2B0 /* AuthStore.swift */; };
		DD5D9C6026B1ADA800605616 /* GameScreen.swift in Sources */ = {isa = PBXBuildFile; fileRef = DD5D9C5F26B1ADA800605616 /* GameScreen.swift */; };
		DD699E1B2688E6AF00A1C263 /* Card.swift in Sources */ = {isa = PBXBuildFile; fileRef = DD699E1A2688E6AF00A1C263 /* Card.swift */; };
		DD699E1D2688E70500A1C263 /* ImageCard.swift in Sources */ = {isa = PBXBuildFile; fileRef = DD699E1C2688E70500A1C263 /* ImageCard.swift */; };
		DD6DDF3625CD50CF00A19F3A /* Gilroy-Semibold.ttf in Resources */ = {isa = PBXBuildFile; fileRef = DD6DDF2125CD50CE00A19F3A /* Gilroy-Semibold.ttf */; };
		DD6DDF3725CD50CF00A19F3A /* Gilroy-SemiboldItalic.ttf in Resources */ = {isa = PBXBuildFile; fileRef = DD6DDF2225CD50CE00A19F3A /* Gilroy-SemiboldItalic.ttf */; };
		DD6DDF3825CD50CF00A19F3A /* Gilroy-ExtraboldItalic.ttf in Resources */ = {isa = PBXBuildFile; fileRef = DD6DDF2325CD50CE00A19F3A /* Gilroy-ExtraboldItalic.ttf */; };
		DD6DDF3925CD50CF00A19F3A /* Gilroy-BlackItalic.ttf in Resources */ = {isa = PBXBuildFile; fileRef = DD6DDF2425CD50CE00A19F3A /* Gilroy-BlackItalic.ttf */; };
		DD6DDF3A25CD50CF00A19F3A /* Gilroy-Heavy.ttf in Resources */ = {isa = PBXBuildFile; fileRef = DD6DDF2525CD50CE00A19F3A /* Gilroy-Heavy.ttf */; };
		DD6DDF3B25CD50CF00A19F3A /* Gilroy-BoldItalic.ttf in Resources */ = {isa = PBXBuildFile; fileRef = DD6DDF2625CD50CE00A19F3A /* Gilroy-BoldItalic.ttf */; };
		DD6DDF3C25CD50CF00A19F3A /* Gilroy-ThinItalic.ttf in Resources */ = {isa = PBXBuildFile; fileRef = DD6DDF2725CD50CE00A19F3A /* Gilroy-ThinItalic.ttf */; };
		DD6DDF3D25CD50CF00A19F3A /* Gilroy-UltraLight.ttf in Resources */ = {isa = PBXBuildFile; fileRef = DD6DDF2825CD50CE00A19F3A /* Gilroy-UltraLight.ttf */; };
		DD6DDF3E25CD50CF00A19F3A /* Gilroy-Light.ttf in Resources */ = {isa = PBXBuildFile; fileRef = DD6DDF2925CD50CE00A19F3A /* Gilroy-Light.ttf */; };
		DD6DDF3F25CD50CF00A19F3A /* Gilroy-HeavyItalic.ttf in Resources */ = {isa = PBXBuildFile; fileRef = DD6DDF2A25CD50CE00A19F3A /* Gilroy-HeavyItalic.ttf */; };
		DD6DDF4025CD50CF00A19F3A /* Gilroy-ExtraBold.otf in Resources */ = {isa = PBXBuildFile; fileRef = DD6DDF2B25CD50CE00A19F3A /* Gilroy-ExtraBold.otf */; };
		DD6DDF4125CD50CF00A19F3A /* Gilroy-MediumItalic.ttf in Resources */ = {isa = PBXBuildFile; fileRef = DD6DDF2C25CD50CE00A19F3A /* Gilroy-MediumItalic.ttf */; };
		DD6DDF4225CD50CF00A19F3A /* Gilroy-Bold.ttf in Resources */ = {isa = PBXBuildFile; fileRef = DD6DDF2D25CD50CE00A19F3A /* Gilroy-Bold.ttf */; };
		DD6DDF4325CD50CF00A19F3A /* Gilroy-Black.ttf in Resources */ = {isa = PBXBuildFile; fileRef = DD6DDF2E25CD50CE00A19F3A /* Gilroy-Black.ttf */; };
		DD6DDF4425CD50CF00A19F3A /* Gilroy-Regular.ttf in Resources */ = {isa = PBXBuildFile; fileRef = DD6DDF2F25CD50CE00A19F3A /* Gilroy-Regular.ttf */; };
		DD6DDF4525CD50CF00A19F3A /* Gilroy-RegularItalic.ttf in Resources */ = {isa = PBXBuildFile; fileRef = DD6DDF3025CD50CE00A19F3A /* Gilroy-RegularItalic.ttf */; };
		DD6DDF4625CD50CF00A19F3A /* Gilroy-Thin.ttf in Resources */ = {isa = PBXBuildFile; fileRef = DD6DDF3125CD50CE00A19F3A /* Gilroy-Thin.ttf */; };
		DD6DDF4725CD50CF00A19F3A /* Gilroy-UltraLightItalic.ttf in Resources */ = {isa = PBXBuildFile; fileRef = DD6DDF3225CD50CE00A19F3A /* Gilroy-UltraLightItalic.ttf */; };
		DD6DDF4825CD50CF00A19F3A /* Gilroy-LightItalic.ttf in Resources */ = {isa = PBXBuildFile; fileRef = DD6DDF3325CD50CE00A19F3A /* Gilroy-LightItalic.ttf */; };
		DD6DDF4925CD50CF00A19F3A /* Gilroy-Extrabold.ttf in Resources */ = {isa = PBXBuildFile; fileRef = DD6DDF3425CD50CE00A19F3A /* Gilroy-Extrabold.ttf */; };
		DD6DDF4A25CD50CF00A19F3A /* Gilroy-Medium.ttf in Resources */ = {isa = PBXBuildFile; fileRef = DD6DDF3525CD50CE00A19F3A /* Gilroy-Medium.ttf */; };
		DD6DDF4F25CD517800A19F3A /* Themes.swift in Sources */ = {isa = PBXBuildFile; fileRef = DD6DDF4E25CD517800A19F3A /* Themes.swift */; };
		DD6DDF5425CD8E8000A19F3A /* UpcomingSectionHeaderView.swift in Sources */ = {isa = PBXBuildFile; fileRef = DD6DDF5325CD8E8000A19F3A /* UpcomingSectionHeaderView.swift */; };
		DD6DDF5C25CDA0F500A19F3A /* FontExtensions.swift in Sources */ = {isa = PBXBuildFile; fileRef = DD6DDF5B25CDA0F500A19F3A /* FontExtensions.swift */; };
		DD704F2E25DD402B0021D882 /* DINRoundPro.ttf in Resources */ = {isa = PBXBuildFile; fileRef = DD704F2925DD402B0021D882 /* DINRoundPro.ttf */; };
		DD704F2F25DD402B0021D882 /* DINRoundPro-Black.ttf in Resources */ = {isa = PBXBuildFile; fileRef = DD704F2A25DD402B0021D882 /* DINRoundPro-Black.ttf */; };
		DD704F3025DD402B0021D882 /* DINRoundPro-Bold.ttf in Resources */ = {isa = PBXBuildFile; fileRef = DD704F2B25DD402B0021D882 /* DINRoundPro-Bold.ttf */; };
		DD704F3125DD402B0021D882 /* DINRoundPro-Medi.ttf in Resources */ = {isa = PBXBuildFile; fileRef = DD704F2C25DD402B0021D882 /* DINRoundPro-Medi.ttf */; };
		DD704F3225DD402B0021D882 /* DINRoundPro-Light.ttf in Resources */ = {isa = PBXBuildFile; fileRef = DD704F2D25DD402B0021D882 /* DINRoundPro-Light.ttf */; };
		DD78E2FC25CAF1230084F101 /* DayModel.swift in Sources */ = {isa = PBXBuildFile; fileRef = DD78E2FB25CAF1230084F101 /* DayModel.swift */; };
		DD7E660C25D538F7006553D1 /* URLExtensions.swift in Sources */ = {isa = PBXBuildFile; fileRef = DD7E660B25D538F7006553D1 /* URLExtensions.swift */; };
		DD9A33832702268C0024C5C3 /* DecoderExtensions.swift in Sources */ = {isa = PBXBuildFile; fileRef = DD9A33822702268C0024C5C3 /* DecoderExtensions.swift */; };
		DD9A3385270249000024C5C3 /* IntervalCombiner.swift in Sources */ = {isa = PBXBuildFile; fileRef = DD9A3384270249000024C5C3 /* IntervalCombiner.swift */; };
		DD9BC9D1266B5553009B2DD8 /* GameService.swift in Sources */ = {isa = PBXBuildFile; fileRef = DD9BC9D0266B5553009B2DD8 /* GameService.swift */; };
		DD9BC9F1266BC638009B2DD8 /* DiscoveryScreen.swift in Sources */ = {isa = PBXBuildFile; fileRef = DD9BC9F0266BC638009B2DD8 /* DiscoveryScreen.swift */; };
		DD9BCA04266BC9CF009B2DD8 /* SwipeableView.swift in Sources */ = {isa = PBXBuildFile; fileRef = DD9BC9F6266BC9CE009B2DD8 /* SwipeableView.swift */; };
		DD9BCA05266BC9CF009B2DD8 /* StaticShadowHeaderView.swift in Sources */ = {isa = PBXBuildFile; fileRef = DD9BC9F7266BC9CE009B2DD8 /* StaticShadowHeaderView.swift */; };
		DD9BCA06266BC9CF009B2DD8 /* GameCardController.swift in Sources */ = {isa = PBXBuildFile; fileRef = DD9BC9F8266BC9CE009B2DD8 /* GameCardController.swift */; };
		DD9BCA07266BC9CF009B2DD8 /* SwipeableViewDelegate.swift in Sources */ = {isa = PBXBuildFile; fileRef = DD9BC9F9266BC9CF009B2DD8 /* SwipeableViewDelegate.swift */; };
		DD9BCA08266BC9CF009B2DD8 /* GameCard.swift in Sources */ = {isa = PBXBuildFile; fileRef = DD9BC9FA266BC9CF009B2DD8 /* GameCard.swift */; };
		DD9BCA0A266BC9CF009B2DD8 /* CardViewDataSource.swift in Sources */ = {isa = PBXBuildFile; fileRef = DD9BC9FC266BC9CF009B2DD8 /* CardViewDataSource.swift */; };
		DD9BCA0B266BC9CF009B2DD8 /* CGRect+SwipeAdditions.swift in Sources */ = {isa = PBXBuildFile; fileRef = DD9BC9FD266BC9CF009B2DD8 /* CGRect+SwipeAdditions.swift */; };
		DD9BCA0C266BC9CF009B2DD8 /* CGPoint+SwipeableAdditions.swift in Sources */ = {isa = PBXBuildFile; fileRef = DD9BC9FE266BC9CF009B2DD8 /* CGPoint+SwipeableAdditions.swift */; };
		DD9BCA0D266BC9CF009B2DD8 /* UIView+Constraints.swift in Sources */ = {isa = PBXBuildFile; fileRef = DD9BC9FF266BC9CF009B2DD8 /* UIView+Constraints.swift */; };
		DD9BCA0E266BC9CF009B2DD8 /* CardViewDelegate.swift in Sources */ = {isa = PBXBuildFile; fileRef = DD9BCA00266BC9CF009B2DD8 /* CardViewDelegate.swift */; };
		DD9BCA11266BC9CF009B2DD8 /* SwipeDirection.swift in Sources */ = {isa = PBXBuildFile; fileRef = DD9BCA03266BC9CF009B2DD8 /* SwipeDirection.swift */; };
		DD9C57AC2457FE2B00EE4C6C /* UpcomingTableHeader.swift in Sources */ = {isa = PBXBuildFile; fileRef = DD9C57AB2457FE2B00EE4C6C /* UpcomingTableHeader.swift */; };
		DDA1A8FD2427B24B00F7907A /* AppDelegate.swift in Sources */ = {isa = PBXBuildFile; fileRef = DDA1A8FC2427B24B00F7907A /* AppDelegate.swift */; };
		DDA1A8FF2427B24B00F7907A /* SceneDelegate.swift in Sources */ = {isa = PBXBuildFile; fileRef = DDA1A8FE2427B24B00F7907A /* SceneDelegate.swift */; };
		DDA1A9042427B24B00F7907A /* Main.storyboard in Resources */ = {isa = PBXBuildFile; fileRef = DDA1A9022427B24B00F7907A /* Main.storyboard */; };
		DDA1A9072427B24B00F7907A /* AKTV.xcdatamodeld in Sources */ = {isa = PBXBuildFile; fileRef = DDA1A9052427B24B00F7907A /* AKTV.xcdatamodeld */; };
		DDA1A9092427B24D00F7907A /* Assets.xcassets in Resources */ = {isa = PBXBuildFile; fileRef = DDA1A9082427B24D00F7907A /* Assets.xcassets */; };
		DDA1A90C2427B24D00F7907A /* LaunchScreen.storyboard in Resources */ = {isa = PBXBuildFile; fileRef = DDA1A90A2427B24D00F7907A /* LaunchScreen.storyboard */; };
		DDA1A9172427B24D00F7907A /* AKTVTests.swift in Sources */ = {isa = PBXBuildFile; fileRef = DDA1A9162427B24D00F7907A /* AKTVTests.swift */; };
		DDA1A9222427B24D00F7907A /* AKTVUITests.swift in Sources */ = {isa = PBXBuildFile; fileRef = DDA1A9212427B24D00F7907A /* AKTVUITests.swift */; };
		DDA1A9312427B27C00F7907A /* Networker.swift in Sources */ = {isa = PBXBuildFile; fileRef = DDA1A9302427B27C00F7907A /* Networker.swift */; };
		DDA8EA282444BDD4004D1F14 /* EpisodesTableViewController.swift in Sources */ = {isa = PBXBuildFile; fileRef = DDA8EA272444BDD4004D1F14 /* EpisodesTableViewController.swift */; };
		DDB26BB125DC6DCC007FF941 /* BadgeCell.swift in Sources */ = {isa = PBXBuildFile; fileRef = DDB26BB025DC6DCC007FF941 /* BadgeCell.swift */; };
		DDB3C70A26BFC0F900CB88D7 /* PickerScreen.swift in Sources */ = {isa = PBXBuildFile; fileRef = DDB3C70926BFC0F900CB88D7 /* PickerScreen.swift */; };
		DDB3C72026C080FF00CB88D7 /* MinimalNavigationController.swift in Sources */ = {isa = PBXBuildFile; fileRef = DDB3C71F26C080FF00CB88D7 /* MinimalNavigationController.swift */; };
		DDB3C72526C081BF00CB88D7 /* UIImageViewExtensions.swift in Sources */ = {isa = PBXBuildFile; fileRef = DDB3C72426C081BF00CB88D7 /* UIImageViewExtensions.swift */; };
		DDB3C72A26C084B500CB88D7 /* SearchScreen.swift in Sources */ = {isa = PBXBuildFile; fileRef = DDB3C72926C084B500CB88D7 /* SearchScreen.swift */; };
		DDB3C72F26C0855B00CB88D7 /* SearchTextField.swift in Sources */ = {isa = PBXBuildFile; fileRef = DDB3C72E26C0855B00CB88D7 /* SearchTextField.swift */; };
		DDB48F7325D3F694007C0131 /* TabBarView.swift in Sources */ = {isa = PBXBuildFile; fileRef = DDB48F6C25D3F694007C0131 /* TabBarView.swift */; };
		DDB48F7525D3F694007C0131 /* NativeExtensions.swift in Sources */ = {isa = PBXBuildFile; fileRef = DDB48F6E25D3F694007C0131 /* NativeExtensions.swift */; };
		DDB48F7625D3F694007C0131 /* RoundTabBarButton.swift in Sources */ = {isa = PBXBuildFile; fileRef = DDB48F6F25D3F694007C0131 /* RoundTabBarButton.swift */; };
		DDB48F7725D3F694007C0131 /* TabBarSettings.swift in Sources */ = {isa = PBXBuildFile; fileRef = DDB48F7025D3F694007C0131 /* TabBarSettings.swift */; };
		DDB48F7825D3F694007C0131 /* UIColorExtensions.swift in Sources */ = {isa = PBXBuildFile; fileRef = DDB48F7125D3F694007C0131 /* UIColorExtensions.swift */; };
		DDB48F7925D3F694007C0131 /* GlobalProperties.swift in Sources */ = {isa = PBXBuildFile; fileRef = DDB48F7225D3F694007C0131 /* GlobalProperties.swift */; };
		DDB48F9625D455D9007C0131 /* WellRoundedTabBarController.swift in Sources */ = {isa = PBXBuildFile; fileRef = DDB48F9525D455D9007C0131 /* WellRoundedTabBarController.swift */; };
		DDB8E5C825DBD4FB0053F6FA /* Videos.swift in Sources */ = {isa = PBXBuildFile; fileRef = DDB8E5C725DBD4FB0053F6FA /* Videos.swift */; };
		DDC08C3927411C5D00E91395 /* SUDetailedShow.swift in Sources */ = {isa = PBXBuildFile; fileRef = DDC08C3827411C5D00E91395 /* SUDetailedShow.swift */; };
		DDC20F1A275035730071F573 /* StreamAvailability.swift in Sources */ = {isa = PBXBuildFile; fileRef = DDC20F19275035730071F573 /* StreamAvailability.swift */; };
		DDC20F1C2750F2520071F573 /* StreamingAvailibilitiesView.swift in Sources */ = {isa = PBXBuildFile; fileRef = DDC20F1B2750F2520071F573 /* StreamingAvailibilitiesView.swift */; };
		DDC5DAA0272EAB6A005D2A44 /* FavouritesScreen.swift in Sources */ = {isa = PBXBuildFile; fileRef = DDC5DA9F272EAB6A005D2A44 /* FavouritesScreen.swift */; };
		DDC5DAA5272F366A005D2A44 /* DummyFactory.swift in Sources */ = {isa = PBXBuildFile; fileRef = DDC5DAA4272F366A005D2A44 /* DummyFactory.swift */; };
		DDC8047D25D56C8200B0418B /* ShowOverview.swift in Sources */ = {isa = PBXBuildFile; fileRef = DDC8047C25D56C8200B0418B /* ShowOverview.swift */; };
		DDCAB23A270E413000AB40B5 /* Movie.swift in Sources */ = {isa = PBXBuildFile; fileRef = DDCAB239270E413000AB40B5 /* Movie.swift */; };
		DDE00F7E26960BD40083B6DF /* RangeStore.swift in Sources */ = {isa = PBXBuildFile; fileRef = DDE00F7D26960BD40083B6DF /* RangeStore.swift */; };
		DDE388F92427DD7D0049D881 /* SeriesListTableViewController.swift in Sources */ = {isa = PBXBuildFile; fileRef = DDE388F82427DD7D0049D881 /* SeriesListTableViewController.swift */; };
		DDE388FB2427DE9E0049D881 /* ShowsScreen.swift in Sources */ = {isa = PBXBuildFile; fileRef = DDE388FA2427DE9E0049D881 /* ShowsScreen.swift */; };
		DDE388FE242AB6510049D881 /* Season.swift in Sources */ = {isa = PBXBuildFile; fileRef = DDE388FD242AB6510049D881 /* Season.swift */; };
		DDE38900242BF0730049D881 /* MediaSearchResultCell.swift in Sources */ = {isa = PBXBuildFile; fileRef = DDE388FF242BF0730049D881 /* MediaSearchResultCell.swift */; };
		DDE38904242BF5F60049D881 /* Show.swift in Sources */ = {isa = PBXBuildFile; fileRef = DDE38903242BF5F60049D881 /* Show.swift */; };
		DDE38906242BF6E00049D881 /* APIDAO.swift in Sources */ = {isa = PBXBuildFile; fileRef = DDE38905242BF6E00049D881 /* APIDAO.swift */; };
		DDE3890B242BF75A0049D881 /* ShowSearchResult.swift in Sources */ = {isa = PBXBuildFile; fileRef = DDE3890A242BF75A0049D881 /* ShowSearchResult.swift */; };
		DDE5D68725FE03B70065EA8C /* UpcomingDetailedScreen.swift in Sources */ = {isa = PBXBuildFile; fileRef = DDE5D68625FE03B70065EA8C /* UpcomingDetailedScreen.swift */; };
		DDEC7AE7271CE0E400EC782B /* EntityURLCache.swift in Sources */ = {isa = PBXBuildFile; fileRef = DDEC7AE6271CE0E400EC782B /* EntityURLCache.swift */; };
		DDF8774B244366D400461A0E /* ShowOverviewDataDelegate.swift in Sources */ = {isa = PBXBuildFile; fileRef = DDF8774A244366D400461A0E /* ShowOverviewDataDelegate.swift */; };
		DDF92A1C25CDAE7100326E20 /* ColorExtensions.swift in Sources */ = {isa = PBXBuildFile; fileRef = DDF92A1B25CDAE7100326E20 /* ColorExtensions.swift */; };
		FF472CA1DF40244C24A1899D /* Pods_AKTVUITests.framework in Frameworks */ = {isa = PBXBuildFile; fileRef = 5751B6EE11EBB3AF18A1489D /* Pods_AKTVUITests.framework */; };
/* End PBXBuildFile section */

/* Begin PBXContainerItemProxy section */
		DDA1A9132427B24D00F7907A /* PBXContainerItemProxy */ = {
			isa = PBXContainerItemProxy;
			containerPortal = DDA1A8F12427B24B00F7907A /* Project object */;
			proxyType = 1;
			remoteGlobalIDString = DDA1A8F82427B24B00F7907A;
			remoteInfo = AKTV;
		};
		DDA1A91E2427B24D00F7907A /* PBXContainerItemProxy */ = {
			isa = PBXContainerItemProxy;
			containerPortal = DDA1A8F12427B24B00F7907A /* Project object */;
			proxyType = 1;
			remoteGlobalIDString = DDA1A8F82427B24B00F7907A;
			remoteInfo = AKTV;
		};
/* End PBXContainerItemProxy section */

/* Begin PBXFileReference section */
		200AC8BA1859A1C40EB1583B /* Pods_AKTVTests.framework */ = {isa = PBXFileReference; explicitFileType = wrapper.framework; includeInIndex = 0; path = Pods_AKTVTests.framework; sourceTree = BUILT_PRODUCTS_DIR; };
		33625C78D6775ABF6E822AC9 /* Pods-AKTV.release.xcconfig */ = {isa = PBXFileReference; includeInIndex = 1; lastKnownFileType = text.xcconfig; name = "Pods-AKTV.release.xcconfig"; path = "Target Support Files/Pods-AKTV/Pods-AKTV.release.xcconfig"; sourceTree = "<group>"; };
		475CD2925064809A89BE253D /* Pods-AKTV.debug.xcconfig */ = {isa = PBXFileReference; includeInIndex = 1; lastKnownFileType = text.xcconfig; name = "Pods-AKTV.debug.xcconfig"; path = "Target Support Files/Pods-AKTV/Pods-AKTV.debug.xcconfig"; sourceTree = "<group>"; };
		50C9F524FAB8B5EAC07691EF /* Pods_AKTV.framework */ = {isa = PBXFileReference; explicitFileType = wrapper.framework; includeInIndex = 0; path = Pods_AKTV.framework; sourceTree = BUILT_PRODUCTS_DIR; };
		5751B6EE11EBB3AF18A1489D /* Pods_AKTVUITests.framework */ = {isa = PBXFileReference; explicitFileType = wrapper.framework; includeInIndex = 0; path = Pods_AKTVUITests.framework; sourceTree = BUILT_PRODUCTS_DIR; };
		905CE2DF20AA1AAAB60590DB /* Pods-AKTVUITests.release.xcconfig */ = {isa = PBXFileReference; includeInIndex = 1; lastKnownFileType = text.xcconfig; name = "Pods-AKTVUITests.release.xcconfig"; path = "Target Support Files/Pods-AKTVUITests/Pods-AKTVUITests.release.xcconfig"; sourceTree = "<group>"; };
		93552350E784B9BA1F0146E0 /* Pods-AKTVTests.release.xcconfig */ = {isa = PBXFileReference; includeInIndex = 1; lastKnownFileType = text.xcconfig; name = "Pods-AKTVTests.release.xcconfig"; path = "Target Support Files/Pods-AKTVTests/Pods-AKTVTests.release.xcconfig"; sourceTree = "<group>"; };
		C49065A2974BF0DB912D42C3 /* Pods-AKTVUITests.debug.xcconfig */ = {isa = PBXFileReference; includeInIndex = 1; lastKnownFileType = text.xcconfig; name = "Pods-AKTVUITests.debug.xcconfig"; path = "Target Support Files/Pods-AKTVUITests/Pods-AKTVUITests.debug.xcconfig"; sourceTree = "<group>"; };
		D94F952407FDABD1D76A79DA /* Pods-AKTVTests.debug.xcconfig */ = {isa = PBXFileReference; includeInIndex = 1; lastKnownFileType = text.xcconfig; name = "Pods-AKTVTests.debug.xcconfig"; path = "Target Support Files/Pods-AKTVTests/Pods-AKTVTests.debug.xcconfig"; sourceTree = "<group>"; };
		DD000A9F2454358800CB095D /* BasicTextDisplayerViewController.swift */ = {isa = PBXFileReference; lastKnownFileType = sourcecode.swift; path = BasicTextDisplayerViewController.swift; sourceTree = "<group>"; };
		DD000AA22455BECE00CB095D /* UserProfileManager.swift */ = {isa = PBXFileReference; lastKnownFileType = sourcecode.swift; path = UserProfileManager.swift; sourceTree = "<group>"; };
		DD02D48026C1BD8D00A3472F /* SearchHeaderContainer.swift */ = {isa = PBXFileReference; lastKnownFileType = sourcecode.swift; path = SearchHeaderContainer.swift; sourceTree = "<group>"; };
		DD19BE1626BF447B00D3D2EC /* MediaTypePickerScreen.swift */ = {isa = PBXFileReference; lastKnownFileType = sourcecode.swift; path = MediaTypePickerScreen.swift; sourceTree = "<group>"; };
		DD1A56E225DC0D7800C242FB /* VideoPlayer.swift */ = {isa = PBXFileReference; lastKnownFileType = sourcecode.swift; path = VideoPlayer.swift; sourceTree = "<group>"; };
		DD1A7BD4245C12D1005879F8 /* TestViewController.swift */ = {isa = PBXFileReference; lastKnownFileType = sourcecode.swift; path = TestViewController.swift; sourceTree = "<group>"; };
		DD25A0E125E15C3F00B39ACA /* UpcomingCell.swift */ = {isa = PBXFileReference; lastKnownFileType = sourcecode.swift; path = UpcomingCell.swift; sourceTree = "<group>"; };
		DD25A0FF25E327D300B39ACA /* ShadowView.swift */ = {isa = PBXFileReference; lastKnownFileType = sourcecode.swift; path = ShadowView.swift; sourceTree = "<group>"; };
		DD25A10425E3281600B39ACA /* UIStackViewExtensions.swift */ = {isa = PBXFileReference; lastKnownFileType = sourcecode.swift; path = UIStackViewExtensions.swift; sourceTree = "<group>"; };
		DD25A10C25E3287D00B39ACA /* UpcomingCard.swift */ = {isa = PBXFileReference; lastKnownFileType = sourcecode.swift; path = UpcomingCard.swift; sourceTree = "<group>"; };
		DD2B10FC25D5793F000CFF84 /* EpisodeCell.swift */ = {isa = PBXFileReference; lastKnownFileType = sourcecode.swift; path = EpisodeCell.swift; sourceTree = "<group>"; };
		DD2B110125D579B2000CFF84 /* MotionHeaderView.swift */ = {isa = PBXFileReference; lastKnownFileType = sourcecode.swift; path = MotionHeaderView.swift; sourceTree = "<group>"; };
		DD2B110725D58E12000CFF84 /* SeasonHeaderView.swift */ = {isa = PBXFileReference; lastKnownFileType = sourcecode.swift; path = SeasonHeaderView.swift; sourceTree = "<group>"; };
		DD2B110C25D58E3A000CFF84 /* SeasonDataDelegate.swift */ = {isa = PBXFileReference; lastKnownFileType = sourcecode.swift; path = SeasonDataDelegate.swift; sourceTree = "<group>"; };
		DD2D804325E54D3B004DF85A /* UpcomingToDetailedAnimationController.swift */ = {isa = PBXFileReference; lastKnownFileType = sourcecode.swift; path = UpcomingToDetailedAnimationController.swift; sourceTree = "<group>"; };
		DD2D805C25E6DCED004DF85A /* EpisodeScreen.swift */ = {isa = PBXFileReference; lastKnownFileType = sourcecode.swift; path = EpisodeScreen.swift; sourceTree = "<group>"; };
		DD2F7382267F5F2A00512512 /* CalendarScreen.swift */ = {isa = PBXFileReference; lastKnownFileType = sourcecode.swift; path = CalendarScreen.swift; sourceTree = "<group>"; };
		DD2F7384267F65F400512512 /* CalendarCell.swift */ = {isa = PBXFileReference; lastKnownFileType = sourcecode.swift; path = CalendarCell.swift; sourceTree = "<group>"; };
		DD315B66245D7D570046AB38 /* DateFormatterExtensions.swift */ = {isa = PBXFileReference; lastKnownFileType = sourcecode.swift; path = DateFormatterExtensions.swift; sourceTree = "<group>"; };
		DD39526225D5DAFF00C918F3 /* DiagonalComplimentaryView.swift */ = {isa = PBXFileReference; lastKnownFileType = sourcecode.swift; path = DiagonalComplimentaryView.swift; sourceTree = "<group>"; };
		DD39526725D5DFB300C918F3 /* IconRowView.swift */ = {isa = PBXFileReference; lastKnownFileType = sourcecode.swift; path = IconRowView.swift; sourceTree = "<group>"; };
		DD39526F25D6C07900C918F3 /* LabledIcon.swift */ = {isa = PBXFileReference; lastKnownFileType = sourcecode.swift; path = LabledIcon.swift; sourceTree = "<group>"; };
		DD39527D25D6D0FE00C918F3 /* GeneralExtensions.swift */ = {isa = PBXFileReference; lastKnownFileType = sourcecode.swift; path = GeneralExtensions.swift; sourceTree = "<group>"; };
		DD39528225D6E3D800C918F3 /* BottomAlignedLabel.swift */ = {isa = PBXFileReference; lastKnownFileType = sourcecode.swift; path = BottomAlignedLabel.swift; sourceTree = "<group>"; };
		DD3952AC25D6E82400C918F3 /* AnimatableNumberLabel.swift */ = {isa = PBXFileReference; lastKnownFileType = sourcecode.swift; path = AnimatableNumberLabel.swift; sourceTree = "<group>"; };
		DD3952B425D834DF00C918F3 /* UIViewExtensions.swift */ = {isa = PBXFileReference; lastKnownFileType = sourcecode.swift; path = UIViewExtensions.swift; sourceTree = "<group>"; };
		DD3952B925D869AE00C918F3 /* ShowStatusView.swift */ = {isa = PBXFileReference; lastKnownFileType = sourcecode.swift; path = ShowStatusView.swift; sourceTree = "<group>"; };
		DD3952BE25D86F3700C918F3 /* Alpha.swift */ = {isa = PBXFileReference; lastKnownFileType = sourcecode.swift; path = Alpha.swift; sourceTree = "<group>"; };
		DD3952CC25DA813300C918F3 /* EpisodeDisplayer.swift */ = {isa = PBXFileReference; lastKnownFileType = sourcecode.swift; path = EpisodeDisplayer.swift; sourceTree = "<group>"; };
		DD3ABA1626875FD600D1F57D /* ColorStore.swift */ = {isa = PBXFileReference; lastKnownFileType = sourcecode.swift; path = ColorStore.swift; sourceTree = "<group>"; };
		DD3ABA182688A40B00D1F57D /* DateHeader.swift */ = {isa = PBXFileReference; lastKnownFileType = sourcecode.swift; path = DateHeader.swift; sourceTree = "<group>"; };
		DD3F95C72738685C00E02463 /* FavouriteListView.swift */ = {isa = PBXFileReference; lastKnownFileType = sourcecode.swift; path = FavouriteListView.swift; sourceTree = "<group>"; };
		DD3F95CA273C176A00E02463 /* LocalPublishers.swift */ = {isa = PBXFileReference; lastKnownFileType = sourcecode.swift; path = LocalPublishers.swift; sourceTree = "<group>"; };
		DD3F95CC273C17C700E02463 /* UserDefaultsPublishers.swift */ = {isa = PBXFileReference; lastKnownFileType = sourcecode.swift; path = UserDefaultsPublishers.swift; sourceTree = "<group>"; };
		DD58E4BF2435D012005492E3 /* ShowSearchScreen.swift */ = {isa = PBXFileReference; fileEncoding = 4; lastKnownFileType = sourcecode.swift; name = ShowSearchScreen.swift; path = "Shows table/ShowSearchScreen.swift"; sourceTree = "<group>"; };
		DD5A7E9224576A5800507BFE /* UpcomingScreen.swift */ = {isa = PBXFileReference; lastKnownFileType = sourcecode.swift; path = UpcomingScreen.swift; sourceTree = "<group>"; };
		DD5A7E9524576AFB00507BFE /* UpcomingShowsCollectionViewDataDelegate.swift */ = {isa = PBXFileReference; lastKnownFileType = sourcecode.swift; path = UpcomingShowsCollectionViewDataDelegate.swift; sourceTree = "<group>"; };
		DD5B14332674BE8B00E8C68D /* GameStore.swift */ = {isa = PBXFileReference; lastKnownFileType = sourcecode.swift; path = GameStore.swift; sourceTree = "<group>"; };
		DD5BDF6F268268BA00A4C2B0 /* AuthStore.swift */ = {isa = PBXFileReference; lastKnownFileType = sourcecode.swift; path = AuthStore.swift; sourceTree = "<group>"; };
		DD5D9C5F26B1ADA800605616 /* GameScreen.swift */ = {isa = PBXFileReference; lastKnownFileType = sourcecode.swift; path = GameScreen.swift; sourceTree = "<group>"; };
		DD699E1A2688E6AF00A1C263 /* Card.swift */ = {isa = PBXFileReference; lastKnownFileType = sourcecode.swift; path = Card.swift; sourceTree = "<group>"; };
		DD699E1C2688E70500A1C263 /* ImageCard.swift */ = {isa = PBXFileReference; lastKnownFileType = sourcecode.swift; path = ImageCard.swift; sourceTree = "<group>"; };
		DD6DDF2125CD50CE00A19F3A /* Gilroy-Semibold.ttf */ = {isa = PBXFileReference; lastKnownFileType = file; path = "Gilroy-Semibold.ttf"; sourceTree = "<group>"; };
		DD6DDF2225CD50CE00A19F3A /* Gilroy-SemiboldItalic.ttf */ = {isa = PBXFileReference; lastKnownFileType = file; path = "Gilroy-SemiboldItalic.ttf"; sourceTree = "<group>"; };
		DD6DDF2325CD50CE00A19F3A /* Gilroy-ExtraboldItalic.ttf */ = {isa = PBXFileReference; lastKnownFileType = file; path = "Gilroy-ExtraboldItalic.ttf"; sourceTree = "<group>"; };
		DD6DDF2425CD50CE00A19F3A /* Gilroy-BlackItalic.ttf */ = {isa = PBXFileReference; lastKnownFileType = file; path = "Gilroy-BlackItalic.ttf"; sourceTree = "<group>"; };
		DD6DDF2525CD50CE00A19F3A /* Gilroy-Heavy.ttf */ = {isa = PBXFileReference; lastKnownFileType = file; path = "Gilroy-Heavy.ttf"; sourceTree = "<group>"; };
		DD6DDF2625CD50CE00A19F3A /* Gilroy-BoldItalic.ttf */ = {isa = PBXFileReference; lastKnownFileType = file; path = "Gilroy-BoldItalic.ttf"; sourceTree = "<group>"; };
		DD6DDF2725CD50CE00A19F3A /* Gilroy-ThinItalic.ttf */ = {isa = PBXFileReference; lastKnownFileType = file; path = "Gilroy-ThinItalic.ttf"; sourceTree = "<group>"; };
		DD6DDF2825CD50CE00A19F3A /* Gilroy-UltraLight.ttf */ = {isa = PBXFileReference; lastKnownFileType = file; path = "Gilroy-UltraLight.ttf"; sourceTree = "<group>"; };
		DD6DDF2925CD50CE00A19F3A /* Gilroy-Light.ttf */ = {isa = PBXFileReference; lastKnownFileType = file; path = "Gilroy-Light.ttf"; sourceTree = "<group>"; };
		DD6DDF2A25CD50CE00A19F3A /* Gilroy-HeavyItalic.ttf */ = {isa = PBXFileReference; lastKnownFileType = file; path = "Gilroy-HeavyItalic.ttf"; sourceTree = "<group>"; };
		DD6DDF2B25CD50CE00A19F3A /* Gilroy-ExtraBold.otf */ = {isa = PBXFileReference; lastKnownFileType = file; path = "Gilroy-ExtraBold.otf"; sourceTree = "<group>"; };
		DD6DDF2C25CD50CE00A19F3A /* Gilroy-MediumItalic.ttf */ = {isa = PBXFileReference; lastKnownFileType = file; path = "Gilroy-MediumItalic.ttf"; sourceTree = "<group>"; };
		DD6DDF2D25CD50CE00A19F3A /* Gilroy-Bold.ttf */ = {isa = PBXFileReference; lastKnownFileType = file; path = "Gilroy-Bold.ttf"; sourceTree = "<group>"; };
		DD6DDF2E25CD50CE00A19F3A /* Gilroy-Black.ttf */ = {isa = PBXFileReference; lastKnownFileType = file; path = "Gilroy-Black.ttf"; sourceTree = "<group>"; };
		DD6DDF2F25CD50CE00A19F3A /* Gilroy-Regular.ttf */ = {isa = PBXFileReference; lastKnownFileType = file; path = "Gilroy-Regular.ttf"; sourceTree = "<group>"; };
		DD6DDF3025CD50CE00A19F3A /* Gilroy-RegularItalic.ttf */ = {isa = PBXFileReference; lastKnownFileType = file; path = "Gilroy-RegularItalic.ttf"; sourceTree = "<group>"; };
		DD6DDF3125CD50CE00A19F3A /* Gilroy-Thin.ttf */ = {isa = PBXFileReference; lastKnownFileType = file; path = "Gilroy-Thin.ttf"; sourceTree = "<group>"; };
		DD6DDF3225CD50CE00A19F3A /* Gilroy-UltraLightItalic.ttf */ = {isa = PBXFileReference; lastKnownFileType = file; path = "Gilroy-UltraLightItalic.ttf"; sourceTree = "<group>"; };
		DD6DDF3325CD50CE00A19F3A /* Gilroy-LightItalic.ttf */ = {isa = PBXFileReference; lastKnownFileType = file; path = "Gilroy-LightItalic.ttf"; sourceTree = "<group>"; };
		DD6DDF3425CD50CE00A19F3A /* Gilroy-Extrabold.ttf */ = {isa = PBXFileReference; lastKnownFileType = file; path = "Gilroy-Extrabold.ttf"; sourceTree = "<group>"; };
		DD6DDF3525CD50CE00A19F3A /* Gilroy-Medium.ttf */ = {isa = PBXFileReference; lastKnownFileType = file; path = "Gilroy-Medium.ttf"; sourceTree = "<group>"; };
		DD6DDF4E25CD517800A19F3A /* Themes.swift */ = {isa = PBXFileReference; lastKnownFileType = sourcecode.swift; path = Themes.swift; sourceTree = "<group>"; };
		DD6DDF5325CD8E8000A19F3A /* UpcomingSectionHeaderView.swift */ = {isa = PBXFileReference; lastKnownFileType = sourcecode.swift; path = UpcomingSectionHeaderView.swift; sourceTree = "<group>"; };
		DD6DDF5B25CDA0F500A19F3A /* FontExtensions.swift */ = {isa = PBXFileReference; lastKnownFileType = sourcecode.swift; path = FontExtensions.swift; sourceTree = "<group>"; };
		DD704F2925DD402B0021D882 /* DINRoundPro.ttf */ = {isa = PBXFileReference; lastKnownFileType = file; path = DINRoundPro.ttf; sourceTree = "<group>"; };
		DD704F2A25DD402B0021D882 /* DINRoundPro-Black.ttf */ = {isa = PBXFileReference; lastKnownFileType = file; path = "DINRoundPro-Black.ttf"; sourceTree = "<group>"; };
		DD704F2B25DD402B0021D882 /* DINRoundPro-Bold.ttf */ = {isa = PBXFileReference; lastKnownFileType = file; path = "DINRoundPro-Bold.ttf"; sourceTree = "<group>"; };
		DD704F2C25DD402B0021D882 /* DINRoundPro-Medi.ttf */ = {isa = PBXFileReference; lastKnownFileType = file; path = "DINRoundPro-Medi.ttf"; sourceTree = "<group>"; };
		DD704F2D25DD402B0021D882 /* DINRoundPro-Light.ttf */ = {isa = PBXFileReference; lastKnownFileType = file; path = "DINRoundPro-Light.ttf"; sourceTree = "<group>"; };
		DD78E2FB25CAF1230084F101 /* DayModel.swift */ = {isa = PBXFileReference; lastKnownFileType = sourcecode.swift; path = DayModel.swift; sourceTree = "<group>"; };
		DD7E660B25D538F7006553D1 /* URLExtensions.swift */ = {isa = PBXFileReference; lastKnownFileType = sourcecode.swift; path = URLExtensions.swift; sourceTree = "<group>"; };
		DD9A33822702268C0024C5C3 /* DecoderExtensions.swift */ = {isa = PBXFileReference; lastKnownFileType = sourcecode.swift; path = DecoderExtensions.swift; sourceTree = "<group>"; };
		DD9A3384270249000024C5C3 /* IntervalCombiner.swift */ = {isa = PBXFileReference; lastKnownFileType = sourcecode.swift; path = IntervalCombiner.swift; sourceTree = "<group>"; };
		DD9BC9D0266B5553009B2DD8 /* GameService.swift */ = {isa = PBXFileReference; lastKnownFileType = sourcecode.swift; path = GameService.swift; sourceTree = "<group>"; };
		DD9BC9F0266BC638009B2DD8 /* DiscoveryScreen.swift */ = {isa = PBXFileReference; lastKnownFileType = sourcecode.swift; path = DiscoveryScreen.swift; sourceTree = "<group>"; };
		DD9BC9F6266BC9CE009B2DD8 /* SwipeableView.swift */ = {isa = PBXFileReference; fileEncoding = 4; lastKnownFileType = sourcecode.swift; path = SwipeableView.swift; sourceTree = "<group>"; };
		DD9BC9F7266BC9CE009B2DD8 /* StaticShadowHeaderView.swift */ = {isa = PBXFileReference; fileEncoding = 4; lastKnownFileType = sourcecode.swift; path = StaticShadowHeaderView.swift; sourceTree = "<group>"; };
		DD9BC9F8266BC9CE009B2DD8 /* GameCardController.swift */ = {isa = PBXFileReference; fileEncoding = 4; lastKnownFileType = sourcecode.swift; path = GameCardController.swift; sourceTree = "<group>"; };
		DD9BC9F9266BC9CF009B2DD8 /* SwipeableViewDelegate.swift */ = {isa = PBXFileReference; fileEncoding = 4; lastKnownFileType = sourcecode.swift; path = SwipeableViewDelegate.swift; sourceTree = "<group>"; };
		DD9BC9FA266BC9CF009B2DD8 /* GameCard.swift */ = {isa = PBXFileReference; fileEncoding = 4; lastKnownFileType = sourcecode.swift; path = GameCard.swift; sourceTree = "<group>"; };
		DD9BC9FC266BC9CF009B2DD8 /* CardViewDataSource.swift */ = {isa = PBXFileReference; fileEncoding = 4; lastKnownFileType = sourcecode.swift; path = CardViewDataSource.swift; sourceTree = "<group>"; };
		DD9BC9FD266BC9CF009B2DD8 /* CGRect+SwipeAdditions.swift */ = {isa = PBXFileReference; fileEncoding = 4; lastKnownFileType = sourcecode.swift; path = "CGRect+SwipeAdditions.swift"; sourceTree = "<group>"; };
		DD9BC9FE266BC9CF009B2DD8 /* CGPoint+SwipeableAdditions.swift */ = {isa = PBXFileReference; fileEncoding = 4; lastKnownFileType = sourcecode.swift; path = "CGPoint+SwipeableAdditions.swift"; sourceTree = "<group>"; };
		DD9BC9FF266BC9CF009B2DD8 /* UIView+Constraints.swift */ = {isa = PBXFileReference; fileEncoding = 4; lastKnownFileType = sourcecode.swift; path = "UIView+Constraints.swift"; sourceTree = "<group>"; };
		DD9BCA00266BC9CF009B2DD8 /* CardViewDelegate.swift */ = {isa = PBXFileReference; fileEncoding = 4; lastKnownFileType = sourcecode.swift; path = CardViewDelegate.swift; sourceTree = "<group>"; };
		DD9BCA03266BC9CF009B2DD8 /* SwipeDirection.swift */ = {isa = PBXFileReference; fileEncoding = 4; lastKnownFileType = sourcecode.swift; path = SwipeDirection.swift; sourceTree = "<group>"; };
		DD9C57AB2457FE2B00EE4C6C /* UpcomingTableHeader.swift */ = {isa = PBXFileReference; lastKnownFileType = sourcecode.swift; path = UpcomingTableHeader.swift; sourceTree = "<group>"; };
		DDA1A8F92427B24B00F7907A /* AKTV.app */ = {isa = PBXFileReference; explicitFileType = wrapper.application; includeInIndex = 0; path = AKTV.app; sourceTree = BUILT_PRODUCTS_DIR; };
		DDA1A8FC2427B24B00F7907A /* AppDelegate.swift */ = {isa = PBXFileReference; lastKnownFileType = sourcecode.swift; path = AppDelegate.swift; sourceTree = "<group>"; };
		DDA1A8FE2427B24B00F7907A /* SceneDelegate.swift */ = {isa = PBXFileReference; lastKnownFileType = sourcecode.swift; path = SceneDelegate.swift; sourceTree = "<group>"; };
		DDA1A9032427B24B00F7907A /* Base */ = {isa = PBXFileReference; lastKnownFileType = file.storyboard; name = Base; path = Base.lproj/Main.storyboard; sourceTree = "<group>"; };
		DDA1A9062427B24B00F7907A /* AKTV.xcdatamodel */ = {isa = PBXFileReference; lastKnownFileType = wrapper.xcdatamodel; path = AKTV.xcdatamodel; sourceTree = "<group>"; };
		DDA1A9082427B24D00F7907A /* Assets.xcassets */ = {isa = PBXFileReference; lastKnownFileType = folder.assetcatalog; path = Assets.xcassets; sourceTree = "<group>"; };
		DDA1A90B2427B24D00F7907A /* Base */ = {isa = PBXFileReference; lastKnownFileType = file.storyboard; name = Base; path = Base.lproj/LaunchScreen.storyboard; sourceTree = "<group>"; };
		DDA1A90D2427B24D00F7907A /* Info.plist */ = {isa = PBXFileReference; lastKnownFileType = text.plist.xml; path = Info.plist; sourceTree = "<group>"; };
		DDA1A9122427B24D00F7907A /* AKTVTests.xctest */ = {isa = PBXFileReference; explicitFileType = wrapper.cfbundle; includeInIndex = 0; path = AKTVTests.xctest; sourceTree = BUILT_PRODUCTS_DIR; };
		DDA1A9162427B24D00F7907A /* AKTVTests.swift */ = {isa = PBXFileReference; lastKnownFileType = sourcecode.swift; path = AKTVTests.swift; sourceTree = "<group>"; };
		DDA1A9182427B24D00F7907A /* Info.plist */ = {isa = PBXFileReference; lastKnownFileType = text.plist.xml; path = Info.plist; sourceTree = "<group>"; };
		DDA1A91D2427B24D00F7907A /* AKTVUITests.xctest */ = {isa = PBXFileReference; explicitFileType = wrapper.cfbundle; includeInIndex = 0; path = AKTVUITests.xctest; sourceTree = BUILT_PRODUCTS_DIR; };
		DDA1A9212427B24D00F7907A /* AKTVUITests.swift */ = {isa = PBXFileReference; lastKnownFileType = sourcecode.swift; path = AKTVUITests.swift; sourceTree = "<group>"; };
		DDA1A9232427B24D00F7907A /* Info.plist */ = {isa = PBXFileReference; lastKnownFileType = text.plist.xml; path = Info.plist; sourceTree = "<group>"; };
		DDA1A9302427B27C00F7907A /* Networker.swift */ = {isa = PBXFileReference; lastKnownFileType = sourcecode.swift; path = Networker.swift; sourceTree = "<group>"; };
		DDA8EA272444BDD4004D1F14 /* EpisodesTableViewController.swift */ = {isa = PBXFileReference; fileEncoding = 4; lastKnownFileType = sourcecode.swift; path = EpisodesTableViewController.swift; sourceTree = "<group>"; };
		DDB26BB025DC6DCC007FF941 /* BadgeCell.swift */ = {isa = PBXFileReference; lastKnownFileType = sourcecode.swift; path = BadgeCell.swift; sourceTree = "<group>"; };
		DDB3C70926BFC0F900CB88D7 /* PickerScreen.swift */ = {isa = PBXFileReference; lastKnownFileType = sourcecode.swift; path = PickerScreen.swift; sourceTree = "<group>"; };
		DDB3C71F26C080FF00CB88D7 /* MinimalNavigationController.swift */ = {isa = PBXFileReference; lastKnownFileType = sourcecode.swift; path = MinimalNavigationController.swift; sourceTree = "<group>"; };
		DDB3C72426C081BF00CB88D7 /* UIImageViewExtensions.swift */ = {isa = PBXFileReference; lastKnownFileType = sourcecode.swift; path = UIImageViewExtensions.swift; sourceTree = "<group>"; };
		DDB3C72926C084B500CB88D7 /* SearchScreen.swift */ = {isa = PBXFileReference; lastKnownFileType = sourcecode.swift; path = SearchScreen.swift; sourceTree = "<group>"; };
		DDB3C72E26C0855B00CB88D7 /* SearchTextField.swift */ = {isa = PBXFileReference; lastKnownFileType = sourcecode.swift; path = SearchTextField.swift; sourceTree = "<group>"; };
		DDB48F6C25D3F694007C0131 /* TabBarView.swift */ = {isa = PBXFileReference; fileEncoding = 4; lastKnownFileType = sourcecode.swift; path = TabBarView.swift; sourceTree = "<group>"; };
		DDB48F6E25D3F694007C0131 /* NativeExtensions.swift */ = {isa = PBXFileReference; fileEncoding = 4; lastKnownFileType = sourcecode.swift; path = NativeExtensions.swift; sourceTree = "<group>"; };
		DDB48F6F25D3F694007C0131 /* RoundTabBarButton.swift */ = {isa = PBXFileReference; fileEncoding = 4; lastKnownFileType = sourcecode.swift; path = RoundTabBarButton.swift; sourceTree = "<group>"; };
		DDB48F7025D3F694007C0131 /* TabBarSettings.swift */ = {isa = PBXFileReference; fileEncoding = 4; lastKnownFileType = sourcecode.swift; path = TabBarSettings.swift; sourceTree = "<group>"; };
		DDB48F7125D3F694007C0131 /* UIColorExtensions.swift */ = {isa = PBXFileReference; fileEncoding = 4; lastKnownFileType = sourcecode.swift; path = UIColorExtensions.swift; sourceTree = "<group>"; };
		DDB48F7225D3F694007C0131 /* GlobalProperties.swift */ = {isa = PBXFileReference; fileEncoding = 4; lastKnownFileType = sourcecode.swift; path = GlobalProperties.swift; sourceTree = "<group>"; };
		DDB48F9525D455D9007C0131 /* WellRoundedTabBarController.swift */ = {isa = PBXFileReference; lastKnownFileType = sourcecode.swift; path = WellRoundedTabBarController.swift; sourceTree = "<group>"; };
		DDB8E5C725DBD4FB0053F6FA /* Videos.swift */ = {isa = PBXFileReference; lastKnownFileType = sourcecode.swift; path = Videos.swift; sourceTree = "<group>"; };
		DDC08C3827411C5D00E91395 /* SUDetailedShow.swift */ = {isa = PBXFileReference; lastKnownFileType = sourcecode.swift; path = SUDetailedShow.swift; sourceTree = "<group>"; };
		DDC20F19275035730071F573 /* StreamAvailability.swift */ = {isa = PBXFileReference; lastKnownFileType = sourcecode.swift; name = StreamAvailability.swift; path = AKTV/Networking/StreamAvailability/StreamAvailability.swift; sourceTree = "<group>"; };
		DDC20F1B2750F2520071F573 /* StreamingAvailibilitiesView.swift */ = {isa = PBXFileReference; lastKnownFileType = sourcecode.swift; name = StreamingAvailibilitiesView.swift; path = Pods/StreamingAvailibility/StreamingAvailibilitiesView.swift; sourceTree = SOURCE_ROOT; };
		DDC5DA9F272EAB6A005D2A44 /* FavouritesScreen.swift */ = {isa = PBXFileReference; lastKnownFileType = sourcecode.swift; path = FavouritesScreen.swift; sourceTree = "<group>"; };
		DDC5DAA4272F366A005D2A44 /* DummyFactory.swift */ = {isa = PBXFileReference; lastKnownFileType = sourcecode.swift; path = DummyFactory.swift; sourceTree = "<group>"; };
		DDC8047C25D56C8200B0418B /* ShowOverview.swift */ = {isa = PBXFileReference; lastKnownFileType = sourcecode.swift; path = ShowOverview.swift; sourceTree = "<group>"; };
		DDCAB239270E413000AB40B5 /* Movie.swift */ = {isa = PBXFileReference; lastKnownFileType = sourcecode.swift; path = Movie.swift; sourceTree = "<group>"; };
		DDE00F7D26960BD40083B6DF /* RangeStore.swift */ = {isa = PBXFileReference; lastKnownFileType = sourcecode.swift; path = RangeStore.swift; sourceTree = "<group>"; };
		DDE388F82427DD7D0049D881 /* SeriesListTableViewController.swift */ = {isa = PBXFileReference; lastKnownFileType = sourcecode.swift; path = SeriesListTableViewController.swift; sourceTree = "<group>"; };
		DDE388FA2427DE9E0049D881 /* ShowsScreen.swift */ = {isa = PBXFileReference; fileEncoding = 4; lastKnownFileType = sourcecode.swift; path = ShowsScreen.swift; sourceTree = "<group>"; };
		DDE388FD242AB6510049D881 /* Season.swift */ = {isa = PBXFileReference; lastKnownFileType = sourcecode.swift; path = Season.swift; sourceTree = "<group>"; };
		DDE388FF242BF0730049D881 /* MediaSearchResultCell.swift */ = {isa = PBXFileReference; lastKnownFileType = sourcecode.swift; path = MediaSearchResultCell.swift; sourceTree = "<group>"; };
		DDE38903242BF5F60049D881 /* Show.swift */ = {isa = PBXFileReference; lastKnownFileType = sourcecode.swift; path = Show.swift; sourceTree = "<group>"; };
		DDE38905242BF6E00049D881 /* APIDAO.swift */ = {isa = PBXFileReference; lastKnownFileType = sourcecode.swift; path = APIDAO.swift; sourceTree = "<group>"; };
		DDE3890A242BF75A0049D881 /* ShowSearchResult.swift */ = {isa = PBXFileReference; lastKnownFileType = sourcecode.swift; path = ShowSearchResult.swift; sourceTree = "<group>"; };
		DDE5D68625FE03B70065EA8C /* UpcomingDetailedScreen.swift */ = {isa = PBXFileReference; lastKnownFileType = sourcecode.swift; path = UpcomingDetailedScreen.swift; sourceTree = "<group>"; };
		DDEC7AE6271CE0E400EC782B /* EntityURLCache.swift */ = {isa = PBXFileReference; lastKnownFileType = sourcecode.swift; path = EntityURLCache.swift; sourceTree = "<group>"; };
		DDF8774A244366D400461A0E /* ShowOverviewDataDelegate.swift */ = {isa = PBXFileReference; lastKnownFileType = sourcecode.swift; path = ShowOverviewDataDelegate.swift; sourceTree = "<group>"; };
		DDF92A1B25CDAE7100326E20 /* ColorExtensions.swift */ = {isa = PBXFileReference; lastKnownFileType = sourcecode.swift; path = ColorExtensions.swift; sourceTree = "<group>"; };
/* End PBXFileReference section */

/* Begin PBXFrameworksBuildPhase section */
		DDA1A8F62427B24B00F7907A /* Frameworks */ = {
			isa = PBXFrameworksBuildPhase;
			buildActionMask = 2147483647;
			files = (
				DD041DB125CB05FB003933AE /* Kingfisher in Frameworks */,
				3EEE179A9117AC5A9DE522F4 /* Pods_AKTV.framework in Frameworks */,
			);
			runOnlyForDeploymentPostprocessing = 0;
		};
		DDA1A90F2427B24D00F7907A /* Frameworks */ = {
			isa = PBXFrameworksBuildPhase;
			buildActionMask = 2147483647;
			files = (
				BF849344A52AA51E913C9DA1 /* Pods_AKTVTests.framework in Frameworks */,
			);
			runOnlyForDeploymentPostprocessing = 0;
		};
		DDA1A91A2427B24D00F7907A /* Frameworks */ = {
			isa = PBXFrameworksBuildPhase;
			buildActionMask = 2147483647;
			files = (
				FF472CA1DF40244C24A1899D /* Pods_AKTVUITests.framework in Frameworks */,
			);
			runOnlyForDeploymentPostprocessing = 0;
		};
/* End PBXFrameworksBuildPhase section */

/* Begin PBXGroup section */
		37E388AFD50D311E86820AD4 /* Pods */ = {
			isa = PBXGroup;
			children = (
				475CD2925064809A89BE253D /* Pods-AKTV.debug.xcconfig */,
				33625C78D6775ABF6E822AC9 /* Pods-AKTV.release.xcconfig */,
				D94F952407FDABD1D76A79DA /* Pods-AKTVTests.debug.xcconfig */,
				93552350E784B9BA1F0146E0 /* Pods-AKTVTests.release.xcconfig */,
				C49065A2974BF0DB912D42C3 /* Pods-AKTVUITests.debug.xcconfig */,
				905CE2DF20AA1AAAB60590DB /* Pods-AKTVUITests.release.xcconfig */,
			);
			path = Pods;
			sourceTree = "<group>";
		};
		B87FE81583820978F5C4AD3C /* Frameworks */ = {
			isa = PBXGroup;
			children = (
				50C9F524FAB8B5EAC07691EF /* Pods_AKTV.framework */,
				200AC8BA1859A1C40EB1583B /* Pods_AKTVTests.framework */,
				5751B6EE11EBB3AF18A1489D /* Pods_AKTVUITests.framework */,
			);
			name = Frameworks;
			sourceTree = "<group>";
		};
		DD000A9E2454357300CB095D /* Episodes */ = {
			isa = PBXGroup;
			children = (
				DD000A9F2454358800CB095D /* BasicTextDisplayerViewController.swift */,
				DD2B10FC25D5793F000CFF84 /* EpisodeCell.swift */,
				DD3952CC25DA813300C918F3 /* EpisodeDisplayer.swift */,
				DD2D805C25E6DCED004DF85A /* EpisodeScreen.swift */,
			);
			path = Episodes;
			sourceTree = "<group>";
		};
		DD000AA12455BEAE00CB095D /* Storage */ = {
			isa = PBXGroup;
			children = (
				DD5BDF6E268268AD00A4C2B0 /* AuthStore */,
				DD000AA22455BECE00CB095D /* UserProfileManager.swift */,
				DD3ABA1626875FD600D1F57D /* ColorStore.swift */,
			);
			path = Storage;
			sourceTree = "<group>";
		};
		DD19BE1526BF443100D3D2EC /* PickerScreen */ = {
			isa = PBXGroup;
			children = (
				DD19BE1626BF447B00D3D2EC /* MediaTypePickerScreen.swift */,
				DDB3C70926BFC0F900CB88D7 /* PickerScreen.swift */,
			);
			path = PickerScreen;
			sourceTree = "<group>";
		};
		DD1A7BD3245C12B1005879F8 /* TabBar */ = {
			isa = PBXGroup;
			children = (
				DDB48F6B25D3F694007C0131 /* Parts */,
			);
			path = TabBar;
			sourceTree = "<group>";
		};
		DD1DACEC2676AC73004BB3FE /* Helpers */ = {
			isa = PBXGroup;
			children = (
				DD9BCA03266BC9CF009B2DD8 /* SwipeDirection.swift */,
				DD9BC9F7266BC9CE009B2DD8 /* StaticShadowHeaderView.swift */,
				DD9BC9FF266BC9CF009B2DD8 /* UIView+Constraints.swift */,
				DD9BC9FE266BC9CF009B2DD8 /* CGPoint+SwipeableAdditions.swift */,
				DD9BC9FD266BC9CF009B2DD8 /* CGRect+SwipeAdditions.swift */,
			);
			path = Helpers;
			sourceTree = "<group>";
		};
		DD2B110625D58E05000CFF84 /* Seasons */ = {
			isa = PBXGroup;
			children = (
				DD2B110725D58E12000CFF84 /* SeasonHeaderView.swift */,
				DD2B110C25D58E3A000CFF84 /* SeasonDataDelegate.swift */,
			);
			path = Seasons;
			sourceTree = "<group>";
		};
		DD2D804225E54D19004DF85A /* Animations */ = {
			isa = PBXGroup;
			children = (
				DD2D804325E54D3B004DF85A /* UpcomingToDetailedAnimationController.swift */,
			);
			path = Animations;
			sourceTree = "<group>";
		};
		DD2F7381267F5F1900512512 /* Calendar */ = {
			isa = PBXGroup;
			children = (
				DD2F7384267F65F400512512 /* CalendarCell.swift */,
				DD2F7382267F5F2A00512512 /* CalendarScreen.swift */,
				DD3ABA182688A40B00D1F57D /* DateHeader.swift */,
			);
			path = Calendar;
			sourceTree = "<group>";
		};
		DD3F95C9273C174200E02463 /* Publishers */ = {
			isa = PBXGroup;
			children = (
				DD3F95CA273C176A00E02463 /* LocalPublishers.swift */,
				DD3F95CC273C17C700E02463 /* UserDefaultsPublishers.swift */,
			);
			path = Publishers;
			sourceTree = "<group>";
		};
		DD5A7E9124576A2F00507BFE /* UpcomingScreen */ = {
			isa = PBXGroup;
			children = (
				DD5A7E9524576AFB00507BFE /* UpcomingShowsCollectionViewDataDelegate.swift */,
				DD2D804225E54D19004DF85A /* Animations */,
				DDB26BB025DC6DCC007FF941 /* BadgeCell.swift */,
				DD25A0E125E15C3F00B39ACA /* UpcomingCell.swift */,
				DDE5D68625FE03B70065EA8C /* UpcomingDetailedScreen.swift */,
				DD25A10C25E3287D00B39ACA /* UpcomingCard.swift */,
				DD5A7E9224576A5800507BFE /* UpcomingScreen.swift */,
				DD9C57AB2457FE2B00EE4C6C /* UpcomingTableHeader.swift */,
			);
			path = UpcomingScreen;
			sourceTree = "<group>";
		};
		DD5B14312674BE7A00E8C68D /* Stores */ = {
			isa = PBXGroup;
			children = (
				DD5B14322674BE8000E8C68D /* Games */,
			);
			path = Stores;
			sourceTree = "<group>";
		};
		DD5B14322674BE8000E8C68D /* Games */ = {
			isa = PBXGroup;
			children = (
				DD5B14332674BE8B00E8C68D /* GameStore.swift */,
				DDE00F7D26960BD40083B6DF /* RangeStore.swift */,
			);
			path = Games;
			sourceTree = "<group>";
		};
		DD5BDF6E268268AD00A4C2B0 /* AuthStore */ = {
			isa = PBXGroup;
			children = (
				DD5BDF6F268268BA00A4C2B0 /* AuthStore.swift */,
			);
			path = AuthStore;
			sourceTree = "<group>";
		};
		DD5D9C5E26B1AD9800605616 /* Games */ = {
			isa = PBXGroup;
			children = (
				DD5D9C5F26B1ADA800605616 /* GameScreen.swift */,
			);
			path = Games;
			sourceTree = "<group>";
		};
		DD699E182688E68E00A1C263 /* Components */ = {
			isa = PBXGroup;
			children = (
				DD19BE1526BF443100D3D2EC /* PickerScreen */,
				DD699E192688E6A500A1C263 /* Cards */,
			);
			path = Components;
			sourceTree = "<group>";
		};
		DD699E192688E6A500A1C263 /* Cards */ = {
			isa = PBXGroup;
			children = (
				DD699E1A2688E6AF00A1C263 /* Card.swift */,
				DD699E1C2688E70500A1C263 /* ImageCard.swift */,
			);
			path = Cards;
			sourceTree = "<group>";
		};
		DD6DDEC025CC7A0A00A19F3A /* SwiftUI */ = {
			isa = PBXGroup;
			children = (
				DD6DDF5325CD8E8000A19F3A /* UpcomingSectionHeaderView.swift */,
			);
			path = SwiftUI;
			sourceTree = "<group>";
		};
		DD6DDEC625CD453E00A19F3A /* Resources */ = {
			isa = PBXGroup;
			children = (
				DD6DDEC725CD456C00A19F3A /* Fonts */,
			);
			path = Resources;
			sourceTree = "<group>";
		};
		DD6DDEC725CD456C00A19F3A /* Fonts */ = {
			isa = PBXGroup;
			children = (
				DD6DDF2E25CD50CE00A19F3A /* Gilroy-Black.ttf */,
				DD6DDF2425CD50CE00A19F3A /* Gilroy-BlackItalic.ttf */,
				DD6DDF2D25CD50CE00A19F3A /* Gilroy-Bold.ttf */,
				DD6DDF2625CD50CE00A19F3A /* Gilroy-BoldItalic.ttf */,
				DD6DDF2B25CD50CE00A19F3A /* Gilroy-ExtraBold.otf */,
				DD6DDF3425CD50CE00A19F3A /* Gilroy-Extrabold.ttf */,
				DD6DDF2325CD50CE00A19F3A /* Gilroy-ExtraboldItalic.ttf */,
				DD6DDF2525CD50CE00A19F3A /* Gilroy-Heavy.ttf */,
				DD6DDF2A25CD50CE00A19F3A /* Gilroy-HeavyItalic.ttf */,
				DD6DDF2925CD50CE00A19F3A /* Gilroy-Light.ttf */,
				DD6DDF3325CD50CE00A19F3A /* Gilroy-LightItalic.ttf */,
				DD6DDF3525CD50CE00A19F3A /* Gilroy-Medium.ttf */,
				DD6DDF2C25CD50CE00A19F3A /* Gilroy-MediumItalic.ttf */,
				DD6DDF2F25CD50CE00A19F3A /* Gilroy-Regular.ttf */,
				DD6DDF3025CD50CE00A19F3A /* Gilroy-RegularItalic.ttf */,
				DD6DDF2125CD50CE00A19F3A /* Gilroy-Semibold.ttf */,
				DD6DDF2225CD50CE00A19F3A /* Gilroy-SemiboldItalic.ttf */,
				DD6DDF3125CD50CE00A19F3A /* Gilroy-Thin.ttf */,
				DD6DDF2725CD50CE00A19F3A /* Gilroy-ThinItalic.ttf */,
				DD6DDF2825CD50CE00A19F3A /* Gilroy-UltraLight.ttf */,
				DD6DDF3225CD50CE00A19F3A /* Gilroy-UltraLightItalic.ttf */,
				DD704F2A25DD402B0021D882 /* DINRoundPro-Black.ttf */,
				DD704F2B25DD402B0021D882 /* DINRoundPro-Bold.ttf */,
				DD704F2D25DD402B0021D882 /* DINRoundPro-Light.ttf */,
				DD704F2C25DD402B0021D882 /* DINRoundPro-Medi.ttf */,
				DD704F2925DD402B0021D882 /* DINRoundPro.ttf */,
			);
			path = Fonts;
			sourceTree = "<group>";
		};
		DD6DDF6325CDA0FE00A19F3A /* Native-Extensions */ = {
			isa = PBXGroup;
			children = (
				DD315B66245D7D570046AB38 /* DateFormatterExtensions.swift */,
				DD6DDF5B25CDA0F500A19F3A /* FontExtensions.swift */,
				DD3952B425D834DF00C918F3 /* UIViewExtensions.swift */,
				DDB3C72426C081BF00CB88D7 /* UIImageViewExtensions.swift */,
				DDF92A1B25CDAE7100326E20 /* ColorExtensions.swift */,
				DD3952BE25D86F3700C918F3 /* Alpha.swift */,
				DD7E660B25D538F7006553D1 /* URLExtensions.swift */,
				DD39527D25D6D0FE00C918F3 /* GeneralExtensions.swift */,
				DD25A10425E3281600B39ACA /* UIStackViewExtensions.swift */,
				DD9A33822702268C0024C5C3 /* DecoderExtensions.swift */,
			);
			path = "Native-Extensions";
			sourceTree = "<group>";
		};
		DD9BC9CE266B5528009B2DD8 /* NetworkService */ = {
			isa = PBXGroup;
			children = (
				DDA1A9302427B27C00F7907A /* Networker.swift */,
			);
			path = NetworkService;
			sourceTree = "<group>";
		};
		DD9BC9CF266B5537009B2DD8 /* IGDBService */ = {
			isa = PBXGroup;
			children = (
				DD9BC9D0266B5553009B2DD8 /* GameService.swift */,
			);
			path = IGDBService;
			sourceTree = "<group>";
		};
		DD9BC9EF266BC61A009B2DD8 /* UpcomingGames */ = {
			isa = PBXGroup;
			children = (
				DD9BC9F0266BC638009B2DD8 /* DiscoveryScreen.swift */,
			);
			path = UpcomingGames;
			sourceTree = "<group>";
		};
		DD9BC9F5266BC9AC009B2DD8 /* CardSwipe */ = {
			isa = PBXGroup;
			children = (
				DD9BC9FA266BC9CF009B2DD8 /* GameCard.swift */,
				DD1DACEC2676AC73004BB3FE /* Helpers */,
				DD9BC9F8266BC9CE009B2DD8 /* GameCardController.swift */,
				DD9BC9FC266BC9CF009B2DD8 /* CardViewDataSource.swift */,
				DD9BCA00266BC9CF009B2DD8 /* CardViewDelegate.swift */,
				DD9BC9F6266BC9CE009B2DD8 /* SwipeableView.swift */,
				DD9BC9F9266BC9CF009B2DD8 /* SwipeableViewDelegate.swift */,
			);
			path = CardSwipe;
			sourceTree = "<group>";
		};
		DDA1A8F02427B24B00F7907A = {
			isa = PBXGroup;
			children = (
				DDC20F19275035730071F573 /* StreamAvailability.swift */,
				DD3F95C72738685C00E02463 /* FavouriteListView.swift */,
				DDA1A8FB2427B24B00F7907A /* AKTV */,
				DDA1A9152427B24D00F7907A /* AKTVTests */,
				DDA1A9202427B24D00F7907A /* AKTVUITests */,
				DDA1A8FA2427B24B00F7907A /* Products */,
				37E388AFD50D311E86820AD4 /* Pods */,
				B87FE81583820978F5C4AD3C /* Frameworks */,
			);
			sourceTree = "<group>";
		};
		DDA1A8FA2427B24B00F7907A /* Products */ = {
			isa = PBXGroup;
			children = (
				DDA1A8F92427B24B00F7907A /* AKTV.app */,
				DDA1A9122427B24D00F7907A /* AKTVTests.xctest */,
				DDA1A91D2427B24D00F7907A /* AKTVUITests.xctest */,
			);
			name = Products;
			sourceTree = "<group>";
		};
		DDA1A8FB2427B24B00F7907A /* AKTV */ = {
			isa = PBXGroup;
			children = (
				DDC8048825D575D600B0418B /* Global */,
				DDA1A92F2427B26400F7907A /* Networking */,
				DD5B14312674BE7A00E8C68D /* Stores */,
				DDA1A8FC2427B24B00F7907A /* AppDelegate.swift */,
				DDA1A8FE2427B24B00F7907A /* SceneDelegate.swift */,
				DD3F95C9273C174200E02463 /* Publishers */,
				DDC8048925D575E400B0418B /* Development */,
				DD699E182688E68E00A1C263 /* Components */,
				DDC8048125D5757600B0418B /* Features */,
				DD6DDEC625CD453E00A19F3A /* Resources */,
				DD6DDEC025CC7A0A00A19F3A /* SwiftUI */,
				DDE388FC242AB6350049D881 /* Models */,
				DDC5DAA3272F3657005D2A44 /* MocksAndDummies */,
				DDA1A9022427B24B00F7907A /* Main.storyboard */,
				DDA1A9082427B24D00F7907A /* Assets.xcassets */,
				DDA1A90A2427B24D00F7907A /* LaunchScreen.storyboard */,
				DDA1A90D2427B24D00F7907A /* Info.plist */,
				DDA1A9052427B24B00F7907A /* AKTV.xcdatamodeld */,
			);
			path = AKTV;
			sourceTree = "<group>";
		};
		DDA1A9152427B24D00F7907A /* AKTVTests */ = {
			isa = PBXGroup;
			children = (
				DDA1A9162427B24D00F7907A /* AKTVTests.swift */,
				DDA1A9182427B24D00F7907A /* Info.plist */,
			);
			path = AKTVTests;
			sourceTree = "<group>";
		};
		DDA1A9202427B24D00F7907A /* AKTVUITests */ = {
			isa = PBXGroup;
			children = (
				DDA1A9212427B24D00F7907A /* AKTVUITests.swift */,
				DDA1A9232427B24D00F7907A /* Info.plist */,
			);
			path = AKTVUITests;
			sourceTree = "<group>";
		};
		DDA1A92F2427B26400F7907A /* Networking */ = {
			isa = PBXGroup;
			children = (
				DDEC7AE6271CE0E400EC782B /* EntityURLCache.swift */,
				DD9BC9CF266B5537009B2DD8 /* IGDBService */,
				DDE38905242BF6E00049D881 /* APIDAO.swift */,
				DD9BC9CE266B5528009B2DD8 /* NetworkService */,
			);
			path = Networking;
			sourceTree = "<group>";
		};
		DDB3C71E26C080E000CB88D7 /* Reusable-components */ = {
			isa = PBXGroup;
			children = (
				DDB3C71F26C080FF00CB88D7 /* MinimalNavigationController.swift */,
			);
			path = "Reusable-components";
			sourceTree = "<group>";
		};
		DDB48F6B25D3F694007C0131 /* Parts */ = {
			isa = PBXGroup;
			children = (
				DDB48F6C25D3F694007C0131 /* TabBarView.swift */,
				DDB48F9525D455D9007C0131 /* WellRoundedTabBarController.swift */,
				DDB48F6E25D3F694007C0131 /* NativeExtensions.swift */,
				DDB48F6F25D3F694007C0131 /* RoundTabBarButton.swift */,
				DDB48F7025D3F694007C0131 /* TabBarSettings.swift */,
				DDB48F7125D3F694007C0131 /* UIColorExtensions.swift */,
				DDB48F7225D3F694007C0131 /* GlobalProperties.swift */,
			);
			path = Parts;
			sourceTree = "<group>";
		};
		DDC5DA9E272EAB54005D2A44 /* Favourites */ = {
			isa = PBXGroup;
			children = (
				DDC5DA9F272EAB6A005D2A44 /* FavouritesScreen.swift */,
				DDC08C3827411C5D00E91395 /* SUDetailedShow.swift */,
			);
			path = Favourites;
			sourceTree = "<group>";
		};
		DDC5DAA3272F3657005D2A44 /* MocksAndDummies */ = {
			isa = PBXGroup;
			children = (
				DDC5DAA4272F366A005D2A44 /* DummyFactory.swift */,
			);
			path = MocksAndDummies;
			sourceTree = "<group>";
		};
		DDC8048125D5757600B0418B /* Features */ = {
			isa = PBXGroup;
			children = (
				DDC20F1B2750F2520071F573 /* StreamingAvailibilitiesView.swift */,
				DDC5DA9E272EAB54005D2A44 /* Favourites */,
				DD5D9C5E26B1AD9800605616 /* Games */,
				DD2F7381267F5F1900512512 /* Calendar */,
				DD9BC9F5266BC9AC009B2DD8 /* CardSwipe */,
				DD9BC9EF266BC61A009B2DD8 /* UpcomingGames */,
				DD000AA12455BEAE00CB095D /* Storage */,
				DD1A7BD3245C12B1005879F8 /* TabBar */,
				DDE388F52427D0990049D881 /* Search */,
				DD5A7E9124576A2F00507BFE /* UpcomingScreen */,
				DD1A56E225DC0D7800C242FB /* VideoPlayer.swift */,
				DD25A0FF25E327D300B39ACA /* ShadowView.swift */,
			);
			path = Features;
			sourceTree = "<group>";
		};
		DDC8048825D575D600B0418B /* Global */ = {
			isa = PBXGroup;
			children = (
				DDB3C71E26C080E000CB88D7 /* Reusable-components */,
				DD6DDF6325CDA0FE00A19F3A /* Native-Extensions */,
				DD6DDF4E25CD517800A19F3A /* Themes.swift */,
				DD9A3384270249000024C5C3 /* IntervalCombiner.swift */,
				DD39528225D6E3D800C918F3 /* BottomAlignedLabel.swift */,
				DD3952AC25D6E82400C918F3 /* AnimatableNumberLabel.swift */,
			);
			path = Global;
			sourceTree = "<group>";
		};
		DDC8048925D575E400B0418B /* Development */ = {
			isa = PBXGroup;
			children = (
				DD1A7BD4245C12D1005879F8 /* TestViewController.swift */,
			);
			path = Development;
			sourceTree = "<group>";
		};
		DDE388F52427D0990049D881 /* Search */ = {
			isa = PBXGroup;
			children = (
				DDB3C72926C084B500CB88D7 /* SearchScreen.swift */,
				DDB3C72E26C0855B00CB88D7 /* SearchTextField.swift */,
				DD58E4BF2435D012005492E3 /* ShowSearchScreen.swift */,
				DD02D48026C1BD8D00A3472F /* SearchHeaderContainer.swift */,
				DD2B110625D58E05000CFF84 /* Seasons */,
				DD000A9E2454357300CB095D /* Episodes */,
				DDF87749244366B200461A0E /* Show Overview */,
				DDE38902242BF5D90049D881 /* Shows table */,
				DDE38901242BF3C60049D881 /* Episodes table */,
			);
			path = Search;
			sourceTree = "<group>";
		};
		DDE388FC242AB6350049D881 /* Models */ = {
			isa = PBXGroup;
			children = (
				DDE388FD242AB6510049D881 /* Season.swift */,
				DDC8047C25D56C8200B0418B /* ShowOverview.swift */,
				DDE38903242BF5F60049D881 /* Show.swift */,
				DDE3890A242BF75A0049D881 /* ShowSearchResult.swift */,
				DDB8E5C725DBD4FB0053F6FA /* Videos.swift */,
				DD78E2FB25CAF1230084F101 /* DayModel.swift */,
				DDCAB239270E413000AB40B5 /* Movie.swift */,
			);
			path = Models;
			sourceTree = "<group>";
		};
		DDE38901242BF3C60049D881 /* Episodes table */ = {
			isa = PBXGroup;
			children = (
				DDA8EA272444BDD4004D1F14 /* EpisodesTableViewController.swift */,
				DDE388FA2427DE9E0049D881 /* ShowsScreen.swift */,
				DDE388F82427DD7D0049D881 /* SeriesListTableViewController.swift */,
			);
			path = "Episodes table";
			sourceTree = "<group>";
		};
		DDE38902242BF5D90049D881 /* Shows table */ = {
			isa = PBXGroup;
			children = (
				DDE388FF242BF0730049D881 /* MediaSearchResultCell.swift */,
			);
			path = "Shows table";
			sourceTree = "<group>";
		};
		DDF87749244366B200461A0E /* Show Overview */ = {
			isa = PBXGroup;
			children = (
				DD39526225D5DAFF00C918F3 /* DiagonalComplimentaryView.swift */,
				DD39526725D5DFB300C918F3 /* IconRowView.swift */,
				DD39526F25D6C07900C918F3 /* LabledIcon.swift */,
				DDF8774A244366D400461A0E /* ShowOverviewDataDelegate.swift */,
				DD2B110125D579B2000CFF84 /* MotionHeaderView.swift */,
				DD3952B925D869AE00C918F3 /* ShowStatusView.swift */,
			);
			path = "Show Overview";
			sourceTree = "<group>";
		};
/* End PBXGroup section */

/* Begin PBXNativeTarget section */
		DDA1A8F82427B24B00F7907A /* AKTV */ = {
			isa = PBXNativeTarget;
			buildConfigurationList = DDA1A9262427B24D00F7907A /* Build configuration list for PBXNativeTarget "AKTV" */;
			buildPhases = (
				53395B7615684AD6C4DE6A53 /* [CP] Check Pods Manifest.lock */,
				DDA1A8F52427B24B00F7907A /* Sources */,
				DDA1A8F62427B24B00F7907A /* Frameworks */,
				DDA1A8F72427B24B00F7907A /* Resources */,
				9C5544044F94E3BC2DCAD7D4 /* [CP] Embed Pods Frameworks */,
			);
			buildRules = (
			);
			dependencies = (
			);
			name = AKTV;
			packageProductDependencies = (
				DD041DB025CB05FB003933AE /* Kingfisher */,
			);
			productName = AKTV;
			productReference = DDA1A8F92427B24B00F7907A /* AKTV.app */;
			productType = "com.apple.product-type.application";
		};
		DDA1A9112427B24D00F7907A /* AKTVTests */ = {
			isa = PBXNativeTarget;
			buildConfigurationList = DDA1A9292427B24D00F7907A /* Build configuration list for PBXNativeTarget "AKTVTests" */;
			buildPhases = (
				5F465E7995B760986AFFBD20 /* [CP] Check Pods Manifest.lock */,
				DDA1A90E2427B24D00F7907A /* Sources */,
				DDA1A90F2427B24D00F7907A /* Frameworks */,
				DDA1A9102427B24D00F7907A /* Resources */,
			);
			buildRules = (
			);
			dependencies = (
				DDA1A9142427B24D00F7907A /* PBXTargetDependency */,
			);
			name = AKTVTests;
			productName = AKTVTests;
			productReference = DDA1A9122427B24D00F7907A /* AKTVTests.xctest */;
			productType = "com.apple.product-type.bundle.unit-test";
		};
		DDA1A91C2427B24D00F7907A /* AKTVUITests */ = {
			isa = PBXNativeTarget;
			buildConfigurationList = DDA1A92C2427B24D00F7907A /* Build configuration list for PBXNativeTarget "AKTVUITests" */;
			buildPhases = (
				DA2675AC6BACF91F552EF7E9 /* [CP] Check Pods Manifest.lock */,
				DDA1A9192427B24D00F7907A /* Sources */,
				DDA1A91A2427B24D00F7907A /* Frameworks */,
				DDA1A91B2427B24D00F7907A /* Resources */,
			);
			buildRules = (
			);
			dependencies = (
				DDA1A91F2427B24D00F7907A /* PBXTargetDependency */,
			);
			name = AKTVUITests;
			productName = AKTVUITests;
			productReference = DDA1A91D2427B24D00F7907A /* AKTVUITests.xctest */;
			productType = "com.apple.product-type.bundle.ui-testing";
		};
/* End PBXNativeTarget section */

/* Begin PBXProject section */
		DDA1A8F12427B24B00F7907A /* Project object */ = {
			isa = PBXProject;
			attributes = {
				LastSwiftUpdateCheck = 1110;
				LastUpgradeCheck = 1250;
				ORGANIZATIONNAME = "Alexander Kvamme";
				TargetAttributes = {
					DDA1A8F82427B24B00F7907A = {
						CreatedOnToolsVersion = 11.1;
					};
					DDA1A9112427B24D00F7907A = {
						CreatedOnToolsVersion = 11.1;
						TestTargetID = DDA1A8F82427B24B00F7907A;
					};
					DDA1A91C2427B24D00F7907A = {
						CreatedOnToolsVersion = 11.1;
						TestTargetID = DDA1A8F82427B24B00F7907A;
					};
				};
			};
			buildConfigurationList = DDA1A8F42427B24B00F7907A /* Build configuration list for PBXProject "AKTV" */;
			compatibilityVersion = "Xcode 9.3";
			developmentRegion = en;
			hasScannedForEncodings = 0;
			knownRegions = (
				en,
				Base,
			);
			mainGroup = DDA1A8F02427B24B00F7907A;
			packageReferences = (
				DD041DAF25CB05FB003933AE /* XCRemoteSwiftPackageReference "Kingfisher" */,
			);
			productRefGroup = DDA1A8FA2427B24B00F7907A /* Products */;
			projectDirPath = "";
			projectRoot = "";
			targets = (
				DDA1A8F82427B24B00F7907A /* AKTV */,
				DDA1A9112427B24D00F7907A /* AKTVTests */,
				DDA1A91C2427B24D00F7907A /* AKTVUITests */,
			);
		};
/* End PBXProject section */

/* Begin PBXResourcesBuildPhase section */
		DDA1A8F72427B24B00F7907A /* Resources */ = {
			isa = PBXResourcesBuildPhase;
			buildActionMask = 2147483647;
			files = (
				DD6DDF4725CD50CF00A19F3A /* Gilroy-UltraLightItalic.ttf in Resources */,
				DD6DDF4425CD50CF00A19F3A /* Gilroy-Regular.ttf in Resources */,
				DD6DDF3E25CD50CF00A19F3A /* Gilroy-Light.ttf in Resources */,
				DD6DDF4325CD50CF00A19F3A /* Gilroy-Black.ttf in Resources */,
				DD6DDF4025CD50CF00A19F3A /* Gilroy-ExtraBold.otf in Resources */,
				DD6DDF4225CD50CF00A19F3A /* Gilroy-Bold.ttf in Resources */,
				DDA1A90C2427B24D00F7907A /* LaunchScreen.storyboard in Resources */,
				DD6DDF4825CD50CF00A19F3A /* Gilroy-LightItalic.ttf in Resources */,
				DD704F3125DD402B0021D882 /* DINRoundPro-Medi.ttf in Resources */,
				DD704F3025DD402B0021D882 /* DINRoundPro-Bold.ttf in Resources */,
				DD6DDF3825CD50CF00A19F3A /* Gilroy-ExtraboldItalic.ttf in Resources */,
				DD6DDF4125CD50CF00A19F3A /* Gilroy-MediumItalic.ttf in Resources */,
				DD6DDF3D25CD50CF00A19F3A /* Gilroy-UltraLight.ttf in Resources */,
				DD704F2F25DD402B0021D882 /* DINRoundPro-Black.ttf in Resources */,
				DD6DDF3925CD50CF00A19F3A /* Gilroy-BlackItalic.ttf in Resources */,
				DD6DDF3C25CD50CF00A19F3A /* Gilroy-ThinItalic.ttf in Resources */,
				DD704F3225DD402B0021D882 /* DINRoundPro-Light.ttf in Resources */,
				DD6DDF3725CD50CF00A19F3A /* Gilroy-SemiboldItalic.ttf in Resources */,
				DD6DDF4A25CD50CF00A19F3A /* Gilroy-Medium.ttf in Resources */,
				DD6DDF4525CD50CF00A19F3A /* Gilroy-RegularItalic.ttf in Resources */,
				DDA1A9092427B24D00F7907A /* Assets.xcassets in Resources */,
				DD6DDF3A25CD50CF00A19F3A /* Gilroy-Heavy.ttf in Resources */,
				DD6DDF3F25CD50CF00A19F3A /* Gilroy-HeavyItalic.ttf in Resources */,
				DD6DDF3625CD50CF00A19F3A /* Gilroy-Semibold.ttf in Resources */,
				DD6DDF3B25CD50CF00A19F3A /* Gilroy-BoldItalic.ttf in Resources */,
				DD6DDF4925CD50CF00A19F3A /* Gilroy-Extrabold.ttf in Resources */,
				DDA1A9042427B24B00F7907A /* Main.storyboard in Resources */,
				DD6DDF4625CD50CF00A19F3A /* Gilroy-Thin.ttf in Resources */,
				DD704F2E25DD402B0021D882 /* DINRoundPro.ttf in Resources */,
			);
			runOnlyForDeploymentPostprocessing = 0;
		};
		DDA1A9102427B24D00F7907A /* Resources */ = {
			isa = PBXResourcesBuildPhase;
			buildActionMask = 2147483647;
			files = (
			);
			runOnlyForDeploymentPostprocessing = 0;
		};
		DDA1A91B2427B24D00F7907A /* Resources */ = {
			isa = PBXResourcesBuildPhase;
			buildActionMask = 2147483647;
			files = (
			);
			runOnlyForDeploymentPostprocessing = 0;
		};
/* End PBXResourcesBuildPhase section */

/* Begin PBXShellScriptBuildPhase section */
		53395B7615684AD6C4DE6A53 /* [CP] Check Pods Manifest.lock */ = {
			isa = PBXShellScriptBuildPhase;
			buildActionMask = 2147483647;
			files = (
			);
			inputFileListPaths = (
			);
			inputPaths = (
				"${PODS_PODFILE_DIR_PATH}/Podfile.lock",
				"${PODS_ROOT}/Manifest.lock",
			);
			name = "[CP] Check Pods Manifest.lock";
			outputFileListPaths = (
			);
			outputPaths = (
				"$(DERIVED_FILE_DIR)/Pods-AKTV-checkManifestLockResult.txt",
			);
			runOnlyForDeploymentPostprocessing = 0;
			shellPath = /bin/sh;
			shellScript = "diff \"${PODS_PODFILE_DIR_PATH}/Podfile.lock\" \"${PODS_ROOT}/Manifest.lock\" > /dev/null\nif [ $? != 0 ] ; then\n    # print error to STDERR\n    echo \"error: The sandbox is not in sync with the Podfile.lock. Run 'pod install' or update your CocoaPods installation.\" >&2\n    exit 1\nfi\n# This output is used by Xcode 'outputs' to avoid re-running this script phase.\necho \"SUCCESS\" > \"${SCRIPT_OUTPUT_FILE_0}\"\n";
			showEnvVarsInLog = 0;
		};
		5F465E7995B760986AFFBD20 /* [CP] Check Pods Manifest.lock */ = {
			isa = PBXShellScriptBuildPhase;
			buildActionMask = 2147483647;
			files = (
			);
			inputFileListPaths = (
			);
			inputPaths = (
				"${PODS_PODFILE_DIR_PATH}/Podfile.lock",
				"${PODS_ROOT}/Manifest.lock",
			);
			name = "[CP] Check Pods Manifest.lock";
			outputFileListPaths = (
			);
			outputPaths = (
				"$(DERIVED_FILE_DIR)/Pods-AKTVTests-checkManifestLockResult.txt",
			);
			runOnlyForDeploymentPostprocessing = 0;
			shellPath = /bin/sh;
			shellScript = "diff \"${PODS_PODFILE_DIR_PATH}/Podfile.lock\" \"${PODS_ROOT}/Manifest.lock\" > /dev/null\nif [ $? != 0 ] ; then\n    # print error to STDERR\n    echo \"error: The sandbox is not in sync with the Podfile.lock. Run 'pod install' or update your CocoaPods installation.\" >&2\n    exit 1\nfi\n# This output is used by Xcode 'outputs' to avoid re-running this script phase.\necho \"SUCCESS\" > \"${SCRIPT_OUTPUT_FILE_0}\"\n";
			showEnvVarsInLog = 0;
		};
		9C5544044F94E3BC2DCAD7D4 /* [CP] Embed Pods Frameworks */ = {
			isa = PBXShellScriptBuildPhase;
			buildActionMask = 2147483647;
			files = (
			);
			inputFileListPaths = (
				"${PODS_ROOT}/Target Support Files/Pods-AKTV/Pods-AKTV-frameworks-${CONFIGURATION}-input-files.xcfilelist",
			);
			name = "[CP] Embed Pods Frameworks";
			outputFileListPaths = (
				"${PODS_ROOT}/Target Support Files/Pods-AKTV/Pods-AKTV-frameworks-${CONFIGURATION}-output-files.xcfilelist",
			);
			runOnlyForDeploymentPostprocessing = 0;
			shellPath = /bin/sh;
			shellScript = "\"${PODS_ROOT}/Target Support Files/Pods-AKTV/Pods-AKTV-frameworks.sh\"\n";
			showEnvVarsInLog = 0;
		};
		DA2675AC6BACF91F552EF7E9 /* [CP] Check Pods Manifest.lock */ = {
			isa = PBXShellScriptBuildPhase;
			buildActionMask = 2147483647;
			files = (
			);
			inputFileListPaths = (
			);
			inputPaths = (
				"${PODS_PODFILE_DIR_PATH}/Podfile.lock",
				"${PODS_ROOT}/Manifest.lock",
			);
			name = "[CP] Check Pods Manifest.lock";
			outputFileListPaths = (
			);
			outputPaths = (
				"$(DERIVED_FILE_DIR)/Pods-AKTVUITests-checkManifestLockResult.txt",
			);
			runOnlyForDeploymentPostprocessing = 0;
			shellPath = /bin/sh;
			shellScript = "diff \"${PODS_PODFILE_DIR_PATH}/Podfile.lock\" \"${PODS_ROOT}/Manifest.lock\" > /dev/null\nif [ $? != 0 ] ; then\n    # print error to STDERR\n    echo \"error: The sandbox is not in sync with the Podfile.lock. Run 'pod install' or update your CocoaPods installation.\" >&2\n    exit 1\nfi\n# This output is used by Xcode 'outputs' to avoid re-running this script phase.\necho \"SUCCESS\" > \"${SCRIPT_OUTPUT_FILE_0}\"\n";
			showEnvVarsInLog = 0;
		};
/* End PBXShellScriptBuildPhase section */

/* Begin PBXSourcesBuildPhase section */
		DDA1A8F52427B24B00F7907A /* Sources */ = {
			isa = PBXSourcesBuildPhase;
			buildActionMask = 2147483647;
			files = (
				DD78E2FC25CAF1230084F101 /* DayModel.swift in Sources */,
				DDA1A9312427B27C00F7907A /* Networker.swift in Sources */,
				DDB3C72026C080FF00CB88D7 /* MinimalNavigationController.swift in Sources */,
				DDE388FE242AB6510049D881 /* Season.swift in Sources */,
				DDE388FB2427DE9E0049D881 /* ShowsScreen.swift in Sources */,
				DD2F7385267F65F400512512 /* CalendarCell.swift in Sources */,
				DD25A10525E3281600B39ACA /* UIStackViewExtensions.swift in Sources */,
				DD25A10025E327D300B39ACA /* ShadowView.swift in Sources */,
				DDB8E5C825DBD4FB0053F6FA /* Videos.swift in Sources */,
				DD9BCA04266BC9CF009B2DD8 /* SwipeableView.swift in Sources */,
				DDC08C3927411C5D00E91395 /* SUDetailedShow.swift in Sources */,
				DD39527E25D6D0FE00C918F3 /* GeneralExtensions.swift in Sources */,
				DD25A10D25E3287D00B39ACA /* UpcomingCard.swift in Sources */,
				DD315B67245D7D570046AB38 /* DateFormatterExtensions.swift in Sources */,
				DD2F7383267F5F2A00512512 /* CalendarScreen.swift in Sources */,
				DD5BDF70268268BA00A4C2B0 /* AuthStore.swift in Sources */,
				DD699E1B2688E6AF00A1C263 /* Card.swift in Sources */,
				DD1A56E325DC0D7800C242FB /* VideoPlayer.swift in Sources */,
				DD39528325D6E3D800C918F3 /* BottomAlignedLabel.swift in Sources */,
				DD25A0E225E15C3F00B39ACA /* UpcomingCell.swift in Sources */,
				DDB48F7725D3F694007C0131 /* TabBarSettings.swift in Sources */,
				DD5D9C6026B1ADA800605616 /* GameScreen.swift in Sources */,
				DD3ABA192688A40B00D1F57D /* DateHeader.swift in Sources */,
				DDE38906242BF6E00049D881 /* APIDAO.swift in Sources */,
				DD02D48126C1BD8D00A3472F /* SearchHeaderContainer.swift in Sources */,
				DDB3C72F26C0855B00CB88D7 /* SearchTextField.swift in Sources */,
				DD9BC9D1266B5553009B2DD8 /* GameService.swift in Sources */,
				DDCAB23A270E413000AB40B5 /* Movie.swift in Sources */,
				DD5A7E9324576A5800507BFE /* UpcomingScreen.swift in Sources */,
				DDB48F7325D3F694007C0131 /* TabBarView.swift in Sources */,
				DD3F95C82738685C00E02463 /* FavouriteListView.swift in Sources */,
				DD2D805D25E6DCEE004DF85A /* EpisodeScreen.swift in Sources */,
				DD6DDF5425CD8E8000A19F3A /* UpcomingSectionHeaderView.swift in Sources */,
				DDF92A1C25CDAE7100326E20 /* ColorExtensions.swift in Sources */,
				DD3952BA25D869AF00C918F3 /* ShowStatusView.swift in Sources */,
				DD39526325D5DAFF00C918F3 /* DiagonalComplimentaryView.swift in Sources */,
				DD2B110825D58E12000CFF84 /* SeasonHeaderView.swift in Sources */,
				DD5B14342674BE8B00E8C68D /* GameStore.swift in Sources */,
				DDE00F7E26960BD40083B6DF /* RangeStore.swift in Sources */,
				DD9C57AC2457FE2B00EE4C6C /* UpcomingTableHeader.swift in Sources */,
				DDB3C72A26C084B500CB88D7 /* SearchScreen.swift in Sources */,
				DDA1A8FD2427B24B00F7907A /* AppDelegate.swift in Sources */,
				DD58E4C02435D012005492E3 /* ShowSearchScreen.swift in Sources */,
				DD9BCA0A266BC9CF009B2DD8 /* CardViewDataSource.swift in Sources */,
				DD5A7E9624576AFB00507BFE /* UpcomingShowsCollectionViewDataDelegate.swift in Sources */,
				DD9BCA0C266BC9CF009B2DD8 /* CGPoint+SwipeableAdditions.swift in Sources */,
				DDB48F7625D3F694007C0131 /* RoundTabBarButton.swift in Sources */,
				DD9BCA06266BC9CF009B2DD8 /* GameCardController.swift in Sources */,
				DDB3C72526C081BF00CB88D7 /* UIImageViewExtensions.swift in Sources */,
				DD000AA32455BECE00CB095D /* UserProfileManager.swift in Sources */,
				DDB48F7525D3F694007C0131 /* NativeExtensions.swift in Sources */,
				DDC5DAA5272F366A005D2A44 /* DummyFactory.swift in Sources */,
				DDA1A8FF2427B24B00F7907A /* SceneDelegate.swift in Sources */,
				DD1A7BD5245C12D1005879F8 /* TestViewController.swift in Sources */,
				DDF8774B244366D400461A0E /* ShowOverviewDataDelegate.swift in Sources */,
				DD3ABA1726875FD600D1F57D /* ColorStore.swift in Sources */,
				DD9BCA11266BC9CF009B2DD8 /* SwipeDirection.swift in Sources */,
				DD9BCA0E266BC9CF009B2DD8 /* CardViewDelegate.swift in Sources */,
				DD3952BF25D86F3800C918F3 /* Alpha.swift in Sources */,
				DD9BCA0D266BC9CF009B2DD8 /* UIView+Constraints.swift in Sources */,
				DDB26BB125DC6DCC007FF941 /* BadgeCell.swift in Sources */,
				DDE5D68725FE03B70065EA8C /* UpcomingDetailedScreen.swift in Sources */,
				DD9BC9F1266BC638009B2DD8 /* DiscoveryScreen.swift in Sources */,
				DD6DDF5C25CDA0F500A19F3A /* FontExtensions.swift in Sources */,
				DD3952B525D834DF00C918F3 /* UIViewExtensions.swift in Sources */,
				DD3952AD25D6E82400C918F3 /* AnimatableNumberLabel.swift in Sources */,
				DD699E1D2688E70500A1C263 /* ImageCard.swift in Sources */,
				DDE38900242BF0730049D881 /* MediaSearchResultCell.swift in Sources */,
				DDB48F7825D3F694007C0131 /* UIColorExtensions.swift in Sources */,
				DD3952CD25DA813400C918F3 /* EpisodeDisplayer.swift in Sources */,
				DD9BCA05266BC9CF009B2DD8 /* StaticShadowHeaderView.swift in Sources */,
				DDA1A9072427B24B00F7907A /* AKTV.xcdatamodeld in Sources */,
				DDC5DAA0272EAB6A005D2A44 /* FavouritesScreen.swift in Sources */,
				DDB3C70A26BFC0F900CB88D7 /* PickerScreen.swift in Sources */,
				DD2B110225D579B2000CFF84 /* MotionHeaderView.swift in Sources */,
				DD000AA02454358800CB095D /* BasicTextDisplayerViewController.swift in Sources */,
				DD2D804425E54D3B004DF85A /* UpcomingToDetailedAnimationController.swift in Sources */,
				DD6DDF4F25CD517800A19F3A /* Themes.swift in Sources */,
				DDB48F9625D455D9007C0131 /* WellRoundedTabBarController.swift in Sources */,
				DD9BCA0B266BC9CF009B2DD8 /* CGRect+SwipeAdditions.swift in Sources */,
				DDC20F1C2750F2520071F573 /* StreamingAvailibilitiesView.swift in Sources */,
				DDE38904242BF5F60049D881 /* Show.swift in Sources */,
				DDA8EA282444BDD4004D1F14 /* EpisodesTableViewController.swift in Sources */,
				DD39526825D5DFB300C918F3 /* IconRowView.swift in Sources */,
				DDE3890B242BF75A0049D881 /* ShowSearchResult.swift in Sources */,
				DDEC7AE7271CE0E400EC782B /* EntityURLCache.swift in Sources */,
				DD9BCA07266BC9CF009B2DD8 /* SwipeableViewDelegate.swift in Sources */,
				DDC20F1A275035730071F573 /* StreamAvailability.swift in Sources */,
				DD7E660C25D538F7006553D1 /* URLExtensions.swift in Sources */,
				DDC8047D25D56C8200B0418B /* ShowOverview.swift in Sources */,
				DDB48F7925D3F694007C0131 /* GlobalProperties.swift in Sources */,
				DD39527025D6C07900C918F3 /* LabledIcon.swift in Sources */,
				DD9A3385270249000024C5C3 /* IntervalCombiner.swift in Sources */,
				DD9A33832702268C0024C5C3 /* DecoderExtensions.swift in Sources */,
				DD9BCA08266BC9CF009B2DD8 /* GameCard.swift in Sources */,
				DDE388F92427DD7D0049D881 /* SeriesListTableViewController.swift in Sources */,
				DD19BE1726BF447B00D3D2EC /* MediaTypePickerScreen.swift in Sources */,
				DD2B10FD25D5793F000CFF84 /* EpisodeCell.swift in Sources */,
				DD2B110D25D58E3A000CFF84 /* SeasonDataDelegate.swift in Sources */,
			);
			runOnlyForDeploymentPostprocessing = 0;
		};
		DDA1A90E2427B24D00F7907A /* Sources */ = {
			isa = PBXSourcesBuildPhase;
			buildActionMask = 2147483647;
			files = (
				DDA1A9172427B24D00F7907A /* AKTVTests.swift in Sources */,
			);
			runOnlyForDeploymentPostprocessing = 0;
		};
		DDA1A9192427B24D00F7907A /* Sources */ = {
			isa = PBXSourcesBuildPhase;
			buildActionMask = 2147483647;
			files = (
				DDA1A9222427B24D00F7907A /* AKTVUITests.swift in Sources */,
			);
			runOnlyForDeploymentPostprocessing = 0;
		};
/* End PBXSourcesBuildPhase section */

/* Begin PBXTargetDependency section */
		DDA1A9142427B24D00F7907A /* PBXTargetDependency */ = {
			isa = PBXTargetDependency;
			target = DDA1A8F82427B24B00F7907A /* AKTV */;
			targetProxy = DDA1A9132427B24D00F7907A /* PBXContainerItemProxy */;
		};
		DDA1A91F2427B24D00F7907A /* PBXTargetDependency */ = {
			isa = PBXTargetDependency;
			target = DDA1A8F82427B24B00F7907A /* AKTV */;
			targetProxy = DDA1A91E2427B24D00F7907A /* PBXContainerItemProxy */;
		};
/* End PBXTargetDependency section */

/* Begin PBXVariantGroup section */
		DDA1A9022427B24B00F7907A /* Main.storyboard */ = {
			isa = PBXVariantGroup;
			children = (
				DDA1A9032427B24B00F7907A /* Base */,
			);
			name = Main.storyboard;
			sourceTree = "<group>";
		};
		DDA1A90A2427B24D00F7907A /* LaunchScreen.storyboard */ = {
			isa = PBXVariantGroup;
			children = (
				DDA1A90B2427B24D00F7907A /* Base */,
			);
			name = LaunchScreen.storyboard;
			sourceTree = "<group>";
		};
/* End PBXVariantGroup section */

/* Begin XCBuildConfiguration section */
		DDA1A9242427B24D00F7907A /* Debug */ = {
			isa = XCBuildConfiguration;
			buildSettings = {
				ALWAYS_SEARCH_USER_PATHS = NO;
				CLANG_ANALYZER_NONNULL = YES;
				CLANG_ANALYZER_NUMBER_OBJECT_CONVERSION = YES_AGGRESSIVE;
				CLANG_CXX_LANGUAGE_STANDARD = "gnu++14";
				CLANG_CXX_LIBRARY = "libc++";
				CLANG_ENABLE_MODULES = YES;
				CLANG_ENABLE_OBJC_ARC = YES;
				CLANG_ENABLE_OBJC_WEAK = YES;
				CLANG_WARN_BLOCK_CAPTURE_AUTORELEASING = YES;
				CLANG_WARN_BOOL_CONVERSION = YES;
				CLANG_WARN_COMMA = YES;
				CLANG_WARN_CONSTANT_CONVERSION = YES;
				CLANG_WARN_DEPRECATED_OBJC_IMPLEMENTATIONS = YES;
				CLANG_WARN_DIRECT_OBJC_ISA_USAGE = YES_ERROR;
				CLANG_WARN_DOCUMENTATION_COMMENTS = YES;
				CLANG_WARN_EMPTY_BODY = YES;
				CLANG_WARN_ENUM_CONVERSION = YES;
				CLANG_WARN_INFINITE_RECURSION = YES;
				CLANG_WARN_INT_CONVERSION = YES;
				CLANG_WARN_NON_LITERAL_NULL_CONVERSION = YES;
				CLANG_WARN_OBJC_IMPLICIT_RETAIN_SELF = YES;
				CLANG_WARN_OBJC_LITERAL_CONVERSION = YES;
				CLANG_WARN_OBJC_ROOT_CLASS = YES_ERROR;
				CLANG_WARN_QUOTED_INCLUDE_IN_FRAMEWORK_HEADER = YES;
				CLANG_WARN_RANGE_LOOP_ANALYSIS = YES;
				CLANG_WARN_STRICT_PROTOTYPES = YES;
				CLANG_WARN_SUSPICIOUS_MOVE = YES;
				CLANG_WARN_UNGUARDED_AVAILABILITY = YES_AGGRESSIVE;
				CLANG_WARN_UNREACHABLE_CODE = YES;
				CLANG_WARN__DUPLICATE_METHOD_MATCH = YES;
				COPY_PHASE_STRIP = NO;
				DEBUG_INFORMATION_FORMAT = dwarf;
				ENABLE_STRICT_OBJC_MSGSEND = YES;
				ENABLE_TESTABILITY = YES;
				GCC_C_LANGUAGE_STANDARD = gnu11;
				GCC_DYNAMIC_NO_PIC = NO;
				GCC_NO_COMMON_BLOCKS = YES;
				GCC_OPTIMIZATION_LEVEL = 0;
				GCC_PREPROCESSOR_DEFINITIONS = (
					"DEBUG=1",
					"$(inherited)",
				);
				GCC_WARN_64_TO_32_BIT_CONVERSION = YES;
				GCC_WARN_ABOUT_RETURN_TYPE = YES_ERROR;
				GCC_WARN_UNDECLARED_SELECTOR = YES;
				GCC_WARN_UNINITIALIZED_AUTOS = YES_AGGRESSIVE;
				GCC_WARN_UNUSED_FUNCTION = YES;
				GCC_WARN_UNUSED_VARIABLE = YES;
				IPHONEOS_DEPLOYMENT_TARGET = 14.1;
				MTL_ENABLE_DEBUG_INFO = INCLUDE_SOURCE;
				MTL_FAST_MATH = YES;
				ONLY_ACTIVE_ARCH = YES;
				SDKROOT = iphoneos;
				SWIFT_ACTIVE_COMPILATION_CONDITIONS = DEBUG;
				SWIFT_OPTIMIZATION_LEVEL = "-Onone";
			};
			name = Debug;
		};
		DDA1A9252427B24D00F7907A /* Release */ = {
			isa = XCBuildConfiguration;
			buildSettings = {
				ALWAYS_SEARCH_USER_PATHS = NO;
				CLANG_ANALYZER_NONNULL = YES;
				CLANG_ANALYZER_NUMBER_OBJECT_CONVERSION = YES_AGGRESSIVE;
				CLANG_CXX_LANGUAGE_STANDARD = "gnu++14";
				CLANG_CXX_LIBRARY = "libc++";
				CLANG_ENABLE_MODULES = YES;
				CLANG_ENABLE_OBJC_ARC = YES;
				CLANG_ENABLE_OBJC_WEAK = YES;
				CLANG_WARN_BLOCK_CAPTURE_AUTORELEASING = YES;
				CLANG_WARN_BOOL_CONVERSION = YES;
				CLANG_WARN_COMMA = YES;
				CLANG_WARN_CONSTANT_CONVERSION = YES;
				CLANG_WARN_DEPRECATED_OBJC_IMPLEMENTATIONS = YES;
				CLANG_WARN_DIRECT_OBJC_ISA_USAGE = YES_ERROR;
				CLANG_WARN_DOCUMENTATION_COMMENTS = YES;
				CLANG_WARN_EMPTY_BODY = YES;
				CLANG_WARN_ENUM_CONVERSION = YES;
				CLANG_WARN_INFINITE_RECURSION = YES;
				CLANG_WARN_INT_CONVERSION = YES;
				CLANG_WARN_NON_LITERAL_NULL_CONVERSION = YES;
				CLANG_WARN_OBJC_IMPLICIT_RETAIN_SELF = YES;
				CLANG_WARN_OBJC_LITERAL_CONVERSION = YES;
				CLANG_WARN_OBJC_ROOT_CLASS = YES_ERROR;
				CLANG_WARN_QUOTED_INCLUDE_IN_FRAMEWORK_HEADER = YES;
				CLANG_WARN_RANGE_LOOP_ANALYSIS = YES;
				CLANG_WARN_STRICT_PROTOTYPES = YES;
				CLANG_WARN_SUSPICIOUS_MOVE = YES;
				CLANG_WARN_UNGUARDED_AVAILABILITY = YES_AGGRESSIVE;
				CLANG_WARN_UNREACHABLE_CODE = YES;
				CLANG_WARN__DUPLICATE_METHOD_MATCH = YES;
				COPY_PHASE_STRIP = NO;
				DEBUG_INFORMATION_FORMAT = "dwarf-with-dsym";
				ENABLE_NS_ASSERTIONS = NO;
				ENABLE_STRICT_OBJC_MSGSEND = YES;
				GCC_C_LANGUAGE_STANDARD = gnu11;
				GCC_NO_COMMON_BLOCKS = YES;
				GCC_WARN_64_TO_32_BIT_CONVERSION = YES;
				GCC_WARN_ABOUT_RETURN_TYPE = YES_ERROR;
				GCC_WARN_UNDECLARED_SELECTOR = YES;
				GCC_WARN_UNINITIALIZED_AUTOS = YES_AGGRESSIVE;
				GCC_WARN_UNUSED_FUNCTION = YES;
				GCC_WARN_UNUSED_VARIABLE = YES;
				IPHONEOS_DEPLOYMENT_TARGET = 14.1;
				MTL_ENABLE_DEBUG_INFO = NO;
				MTL_FAST_MATH = YES;
				SDKROOT = iphoneos;
				SWIFT_COMPILATION_MODE = wholemodule;
				SWIFT_OPTIMIZATION_LEVEL = "-O";
				VALIDATE_PRODUCT = YES;
			};
			name = Release;
		};
		DDA1A9272427B24D00F7907A /* Debug */ = {
			isa = XCBuildConfiguration;
			baseConfigurationReference = 475CD2925064809A89BE253D /* Pods-AKTV.debug.xcconfig */;
			buildSettings = {
				ASSETCATALOG_COMPILER_APPICON_NAME = AppIcon;
				CODE_SIGN_IDENTITY = "Apple Development";
				CODE_SIGN_STYLE = Automatic;
				DEVELOPMENT_TEAM = 52VSB9N5CT;
				INFOPLIST_FILE = AKTV/Info.plist;
				IPHONEOS_DEPLOYMENT_TARGET = 15.0;
				LD_RUNPATH_SEARCH_PATHS = (
					"$(inherited)",
					"@executable_path/Frameworks",
				);
				PRODUCT_BUNDLE_IDENTIFIER = com.HomeOfficesInternational.AKTV;
				PRODUCT_NAME = "$(TARGET_NAME)";
				PROVISIONING_PROFILE_SPECIFIER = "";
				SWIFT_VERSION = 5.0;
				TARGETED_DEVICE_FAMILY = "1,2";
			};
			name = Debug;
		};
		DDA1A9282427B24D00F7907A /* Release */ = {
			isa = XCBuildConfiguration;
			baseConfigurationReference = 33625C78D6775ABF6E822AC9 /* Pods-AKTV.release.xcconfig */;
			buildSettings = {
				ASSETCATALOG_COMPILER_APPICON_NAME = AppIcon;
				CODE_SIGN_IDENTITY = "Apple Development";
				CODE_SIGN_STYLE = Automatic;
				DEVELOPMENT_TEAM = 52VSB9N5CT;
				INFOPLIST_FILE = AKTV/Info.plist;
				IPHONEOS_DEPLOYMENT_TARGET = 15.0;
				LD_RUNPATH_SEARCH_PATHS = (
					"$(inherited)",
					"@executable_path/Frameworks",
				);
				PRODUCT_BUNDLE_IDENTIFIER = com.HomeOfficesInternational.AKTV;
				PRODUCT_NAME = "$(TARGET_NAME)";
				PROVISIONING_PROFILE_SPECIFIER = "";
				SWIFT_VERSION = 5.0;
				TARGETED_DEVICE_FAMILY = "1,2";
			};
			name = Release;
		};
		DDA1A92A2427B24D00F7907A /* Debug */ = {
			isa = XCBuildConfiguration;
			baseConfigurationReference = D94F952407FDABD1D76A79DA /* Pods-AKTVTests.debug.xcconfig */;
			buildSettings = {
				ALWAYS_EMBED_SWIFT_STANDARD_LIBRARIES = YES;
				BUNDLE_LOADER = "$(TEST_HOST)";
				CODE_SIGN_STYLE = Automatic;
				DEVELOPMENT_TEAM = RMURDMDZGD;
				INFOPLIST_FILE = AKTVTests/Info.plist;
				IPHONEOS_DEPLOYMENT_TARGET = 13.1;
				LD_RUNPATH_SEARCH_PATHS = (
					"$(inherited)",
					"@executable_path/Frameworks",
					"@loader_path/Frameworks",
				);
				PRODUCT_BUNDLE_IDENTIFIER = HomeOfficesInternational.AKTVTests;
				PRODUCT_NAME = "$(TARGET_NAME)";
				SWIFT_VERSION = 5.0;
				TARGETED_DEVICE_FAMILY = "1,2";
				TEST_HOST = "$(BUILT_PRODUCTS_DIR)/AKTV.app/AKTV";
			};
			name = Debug;
		};
		DDA1A92B2427B24D00F7907A /* Release */ = {
			isa = XCBuildConfiguration;
			baseConfigurationReference = 93552350E784B9BA1F0146E0 /* Pods-AKTVTests.release.xcconfig */;
			buildSettings = {
				ALWAYS_EMBED_SWIFT_STANDARD_LIBRARIES = YES;
				BUNDLE_LOADER = "$(TEST_HOST)";
				CODE_SIGN_STYLE = Automatic;
				DEVELOPMENT_TEAM = RMURDMDZGD;
				INFOPLIST_FILE = AKTVTests/Info.plist;
				IPHONEOS_DEPLOYMENT_TARGET = 13.1;
				LD_RUNPATH_SEARCH_PATHS = (
					"$(inherited)",
					"@executable_path/Frameworks",
					"@loader_path/Frameworks",
				);
				PRODUCT_BUNDLE_IDENTIFIER = HomeOfficesInternational.AKTVTests;
				PRODUCT_NAME = "$(TARGET_NAME)";
				SWIFT_VERSION = 5.0;
				TARGETED_DEVICE_FAMILY = "1,2";
				TEST_HOST = "$(BUILT_PRODUCTS_DIR)/AKTV.app/AKTV";
			};
			name = Release;
		};
		DDA1A92D2427B24D00F7907A /* Debug */ = {
			isa = XCBuildConfiguration;
			baseConfigurationReference = C49065A2974BF0DB912D42C3 /* Pods-AKTVUITests.debug.xcconfig */;
			buildSettings = {
				ALWAYS_EMBED_SWIFT_STANDARD_LIBRARIES = YES;
				CODE_SIGN_STYLE = Automatic;
				DEVELOPMENT_TEAM = RMURDMDZGD;
				INFOPLIST_FILE = AKTVUITests/Info.plist;
				LD_RUNPATH_SEARCH_PATHS = (
					"$(inherited)",
					"@executable_path/Frameworks",
					"@loader_path/Frameworks",
				);
				PRODUCT_BUNDLE_IDENTIFIER = HomeOfficesInternational.AKTVUITests;
				PRODUCT_NAME = "$(TARGET_NAME)";
				SWIFT_VERSION = 5.0;
				TARGETED_DEVICE_FAMILY = "1,2";
				TEST_TARGET_NAME = AKTV;
			};
			name = Debug;
		};
		DDA1A92E2427B24D00F7907A /* Release */ = {
			isa = XCBuildConfiguration;
			baseConfigurationReference = 905CE2DF20AA1AAAB60590DB /* Pods-AKTVUITests.release.xcconfig */;
			buildSettings = {
				ALWAYS_EMBED_SWIFT_STANDARD_LIBRARIES = YES;
				CODE_SIGN_STYLE = Automatic;
				DEVELOPMENT_TEAM = RMURDMDZGD;
				INFOPLIST_FILE = AKTVUITests/Info.plist;
				LD_RUNPATH_SEARCH_PATHS = (
					"$(inherited)",
					"@executable_path/Frameworks",
					"@loader_path/Frameworks",
				);
				PRODUCT_BUNDLE_IDENTIFIER = HomeOfficesInternational.AKTVUITests;
				PRODUCT_NAME = "$(TARGET_NAME)";
				SWIFT_VERSION = 5.0;
				TARGETED_DEVICE_FAMILY = "1,2";
				TEST_TARGET_NAME = AKTV;
			};
			name = Release;
		};
/* End XCBuildConfiguration section */

/* Begin XCConfigurationList section */
		DDA1A8F42427B24B00F7907A /* Build configuration list for PBXProject "AKTV" */ = {
			isa = XCConfigurationList;
			buildConfigurations = (
				DDA1A9242427B24D00F7907A /* Debug */,
				DDA1A9252427B24D00F7907A /* Release */,
			);
			defaultConfigurationIsVisible = 0;
			defaultConfigurationName = Release;
		};
		DDA1A9262427B24D00F7907A /* Build configuration list for PBXNativeTarget "AKTV" */ = {
			isa = XCConfigurationList;
			buildConfigurations = (
				DDA1A9272427B24D00F7907A /* Debug */,
				DDA1A9282427B24D00F7907A /* Release */,
			);
			defaultConfigurationIsVisible = 0;
			defaultConfigurationName = Release;
		};
		DDA1A9292427B24D00F7907A /* Build configuration list for PBXNativeTarget "AKTVTests" */ = {
			isa = XCConfigurationList;
			buildConfigurations = (
				DDA1A92A2427B24D00F7907A /* Debug */,
				DDA1A92B2427B24D00F7907A /* Release */,
			);
			defaultConfigurationIsVisible = 0;
			defaultConfigurationName = Release;
		};
		DDA1A92C2427B24D00F7907A /* Build configuration list for PBXNativeTarget "AKTVUITests" */ = {
			isa = XCConfigurationList;
			buildConfigurations = (
				DDA1A92D2427B24D00F7907A /* Debug */,
				DDA1A92E2427B24D00F7907A /* Release */,
			);
			defaultConfigurationIsVisible = 0;
			defaultConfigurationName = Release;
		};
/* End XCConfigurationList section */

/* Begin XCRemoteSwiftPackageReference section */
		DD041DAF25CB05FB003933AE /* XCRemoteSwiftPackageReference "Kingfisher" */ = {
			isa = XCRemoteSwiftPackageReference;
			repositoryURL = "https://github.com/onevcat/Kingfisher.git";
			requirement = {
				kind = upToNextMajorVersion;
				minimumVersion = 6.1.0;
			};
		};
/* End XCRemoteSwiftPackageReference section */

/* Begin XCSwiftPackageProductDependency section */
		DD041DB025CB05FB003933AE /* Kingfisher */ = {
			isa = XCSwiftPackageProductDependency;
			package = DD041DAF25CB05FB003933AE /* XCRemoteSwiftPackageReference "Kingfisher" */;
			productName = Kingfisher;
		};
/* End XCSwiftPackageProductDependency section */

/* Begin XCVersionGroup section */
		DDA1A9052427B24B00F7907A /* AKTV.xcdatamodeld */ = {
			isa = XCVersionGroup;
			children = (
				DDA1A9062427B24B00F7907A /* AKTV.xcdatamodel */,
			);
			currentVersion = DDA1A9062427B24B00F7907A /* AKTV.xcdatamodel */;
			path = AKTV.xcdatamodeld;
			sourceTree = "<group>";
			versionGroupType = wrapper.xcdatamodel;
		};
/* End XCVersionGroup section */
	};
	rootObject = DDA1A8F12427B24B00F7907A /* Project object */;
}
